// !$*UTF8*$!
{
	archiveVersion = 1;
	classes = {
	};
	objectVersion = 50;
	objects = {

/* Begin PBXBuildFile section */
		F4372F6226266CEA00457A28 /* AppDelegate.swift in Sources */ = {isa = PBXBuildFile; fileRef = F4372F6126266CEA00457A28 /* AppDelegate.swift */; };
		F4372F6426266CEA00457A28 /* SceneDelegate.swift in Sources */ = {isa = PBXBuildFile; fileRef = F4372F6326266CEA00457A28 /* SceneDelegate.swift */; };
		F4372F6626266CEA00457A28 /* ViewController.swift in Sources */ = {isa = PBXBuildFile; fileRef = F4372F6526266CEA00457A28 /* ViewController.swift */; };
		F4372F6926266CEA00457A28 /* Main.storyboard in Resources */ = {isa = PBXBuildFile; fileRef = F4372F6726266CEA00457A28 /* Main.storyboard */; };
		F4372F6B26266CEC00457A28 /* Assets.xcassets in Resources */ = {isa = PBXBuildFile; fileRef = F4372F6A26266CEC00457A28 /* Assets.xcassets */; };
		F4372F6E26266CEC00457A28 /* LaunchScreen.storyboard in Resources */ = {isa = PBXBuildFile; fileRef = F4372F6C26266CEC00457A28 /* LaunchScreen.storyboard */; };
		F4372F7926266CED00457A28 /* MusicPlayerHomeworkTests.swift in Sources */ = {isa = PBXBuildFile; fileRef = F4372F7826266CED00457A28 /* MusicPlayerHomeworkTests.swift */; };
		F4372F8426266CED00457A28 /* MusicPlayerHomeworkUITests.swift in Sources */ = {isa = PBXBuildFile; fileRef = F4372F8326266CED00457A28 /* MusicPlayerHomeworkUITests.swift */; };
/* End PBXBuildFile section */

/* Begin PBXContainerItemProxy section */
		F4372F7526266CED00457A28 /* PBXContainerItemProxy */ = {
			isa = PBXContainerItemProxy;
			containerPortal = F4372F5626266CEA00457A28 /* Project object */;
			proxyType = 1;
			remoteGlobalIDString = F4372F5D26266CEA00457A28;
			remoteInfo = MusicPlayerHomework;
		};
		F4372F8026266CED00457A28 /* PBXContainerItemProxy */ = {
			isa = PBXContainerItemProxy;
			containerPortal = F4372F5626266CEA00457A28 /* Project object */;
			proxyType = 1;
			remoteGlobalIDString = F4372F5D26266CEA00457A28;
			remoteInfo = MusicPlayerHomework;
		};
/* End PBXContainerItemProxy section */

/* Begin PBXFileReference section */
		F4372F5E26266CEA00457A28 /* MusicPlayerHomework.app */ = {isa = PBXFileReference; explicitFileType = wrapper.application; includeInIndex = 0; path = MusicPlayerHomework.app; sourceTree = BUILT_PRODUCTS_DIR; };
		F4372F6126266CEA00457A28 /* AppDelegate.swift */ = {isa = PBXFileReference; lastKnownFileType = sourcecode.swift; path = AppDelegate.swift; sourceTree = "<group>"; };
		F4372F6326266CEA00457A28 /* SceneDelegate.swift */ = {isa = PBXFileReference; lastKnownFileType = sourcecode.swift; path = SceneDelegate.swift; sourceTree = "<group>"; };
		F4372F6526266CEA00457A28 /* ViewController.swift */ = {isa = PBXFileReference; lastKnownFileType = sourcecode.swift; path = ViewController.swift; sourceTree = "<group>"; };
		F4372F6826266CEA00457A28 /* Base */ = {isa = PBXFileReference; lastKnownFileType = file.storyboard; name = Base; path = Base.lproj/Main.storyboard; sourceTree = "<group>"; };
		F4372F6A26266CEC00457A28 /* Assets.xcassets */ = {isa = PBXFileReference; lastKnownFileType = folder.assetcatalog; path = Assets.xcassets; sourceTree = "<group>"; };
		F4372F6D26266CEC00457A28 /* Base */ = {isa = PBXFileReference; lastKnownFileType = file.storyboard; name = Base; path = Base.lproj/LaunchScreen.storyboard; sourceTree = "<group>"; };
		F4372F6F26266CEC00457A28 /* Info.plist */ = {isa = PBXFileReference; lastKnownFileType = text.plist.xml; path = Info.plist; sourceTree = "<group>"; };
		F4372F7426266CED00457A28 /* MusicPlayerHomeworkTests.xctest */ = {isa = PBXFileReference; explicitFileType = wrapper.cfbundle; includeInIndex = 0; path = MusicPlayerHomeworkTests.xctest; sourceTree = BUILT_PRODUCTS_DIR; };
		F4372F7826266CED00457A28 /* MusicPlayerHomeworkTests.swift */ = {isa = PBXFileReference; lastKnownFileType = sourcecode.swift; path = MusicPlayerHomeworkTests.swift; sourceTree = "<group>"; };
		F4372F7A26266CED00457A28 /* Info.plist */ = {isa = PBXFileReference; lastKnownFileType = text.plist.xml; path = Info.plist; sourceTree = "<group>"; };
		F4372F7F26266CED00457A28 /* MusicPlayerHomeworkUITests.xctest */ = {isa = PBXFileReference; explicitFileType = wrapper.cfbundle; includeInIndex = 0; path = MusicPlayerHomeworkUITests.xctest; sourceTree = BUILT_PRODUCTS_DIR; };
		F4372F8326266CED00457A28 /* MusicPlayerHomeworkUITests.swift */ = {isa = PBXFileReference; lastKnownFileType = sourcecode.swift; path = MusicPlayerHomeworkUITests.swift; sourceTree = "<group>"; };
		F4372F8526266CED00457A28 /* Info.plist */ = {isa = PBXFileReference; lastKnownFileType = text.plist.xml; path = Info.plist; sourceTree = "<group>"; };
/* End PBXFileReference section */

/* Begin PBXFrameworksBuildPhase section */
		F4372F5B26266CEA00457A28 /* Frameworks */ = {
			isa = PBXFrameworksBuildPhase;
			buildActionMask = 2147483647;
			files = (
			);
			runOnlyForDeploymentPostprocessing = 0;
		};
		F4372F7126266CED00457A28 /* Frameworks */ = {
			isa = PBXFrameworksBuildPhase;
			buildActionMask = 2147483647;
			files = (
			);
			runOnlyForDeploymentPostprocessing = 0;
		};
		F4372F7C26266CED00457A28 /* Frameworks */ = {
			isa = PBXFrameworksBuildPhase;
			buildActionMask = 2147483647;
			files = (
			);
			runOnlyForDeploymentPostprocessing = 0;
		};
/* End PBXFrameworksBuildPhase section */

/* Begin PBXGroup section */
		F4372F5526266CEA00457A28 = {
			isa = PBXGroup;
			children = (
				F4372F6026266CEA00457A28 /* MusicPlayerHomework */,
				F4372F7726266CED00457A28 /* MusicPlayerHomeworkTests */,
				F4372F8226266CED00457A28 /* MusicPlayerHomeworkUITests */,
				F4372F5F26266CEA00457A28 /* Products */,
			);
			sourceTree = "<group>";
		};
		F4372F5F26266CEA00457A28 /* Products */ = {
			isa = PBXGroup;
			children = (
				F4372F5E26266CEA00457A28 /* MusicPlayerHomework.app */,
				F4372F7426266CED00457A28 /* MusicPlayerHomeworkTests.xctest */,
				F4372F7F26266CED00457A28 /* MusicPlayerHomeworkUITests.xctest */,
			);
			name = Products;
			sourceTree = "<group>";
		};
		F4372F6026266CEA00457A28 /* MusicPlayerHomework */ = {
			isa = PBXGroup;
			children = (
				F4372F6126266CEA00457A28 /* AppDelegate.swift */,
				F4372F6326266CEA00457A28 /* SceneDelegate.swift */,
				F4372F6526266CEA00457A28 /* ViewController.swift */,
				F4372F6726266CEA00457A28 /* Main.storyboard */,
				F4372F6A26266CEC00457A28 /* Assets.xcassets */,
				F4372F6C26266CEC00457A28 /* LaunchScreen.storyboard */,
				F4372F6F26266CEC00457A28 /* Info.plist */,
			);
			path = MusicPlayerHomework;
			sourceTree = "<group>";
		};
		F4372F7726266CED00457A28 /* MusicPlayerHomeworkTests */ = {
			isa = PBXGroup;
			children = (
				F4372F7826266CED00457A28 /* MusicPlayerHomeworkTests.swift */,
				F4372F7A26266CED00457A28 /* Info.plist */,
			);
			path = MusicPlayerHomeworkTests;
			sourceTree = "<group>";
		};
		F4372F8226266CED00457A28 /* MusicPlayerHomeworkUITests */ = {
			isa = PBXGroup;
			children = (
				F4372F8326266CED00457A28 /* MusicPlayerHomeworkUITests.swift */,
				F4372F8526266CED00457A28 /* Info.plist */,
			);
			path = MusicPlayerHomeworkUITests;
			sourceTree = "<group>";
		};
/* End PBXGroup section */

/* Begin PBXNativeTarget section */
		F4372F5D26266CEA00457A28 /* MusicPlayerHomework */ = {
			isa = PBXNativeTarget;
			buildConfigurationList = F4372F8826266CED00457A28 /* Build configuration list for PBXNativeTarget "MusicPlayerHomework" */;
			buildPhases = (
				F4372F5A26266CEA00457A28 /* Sources */,
				F4372F5B26266CEA00457A28 /* Frameworks */,
				F4372F5C26266CEA00457A28 /* Resources */,
			);
			buildRules = (
			);
			dependencies = (
			);
			name = MusicPlayerHomework;
			productName = MusicPlayerHomework;
			productReference = F4372F5E26266CEA00457A28 /* MusicPlayerHomework.app */;
			productType = "com.apple.product-type.application";
		};
		F4372F7326266CED00457A28 /* MusicPlayerHomeworkTests */ = {
			isa = PBXNativeTarget;
			buildConfigurationList = F4372F8B26266CED00457A28 /* Build configuration list for PBXNativeTarget "MusicPlayerHomeworkTests" */;
			buildPhases = (
				F4372F7026266CED00457A28 /* Sources */,
				F4372F7126266CED00457A28 /* Frameworks */,
				F4372F7226266CED00457A28 /* Resources */,
			);
			buildRules = (
			);
			dependencies = (
				F4372F7626266CED00457A28 /* PBXTargetDependency */,
			);
			name = MusicPlayerHomeworkTests;
			productName = MusicPlayerHomeworkTests;
			productReference = F4372F7426266CED00457A28 /* MusicPlayerHomeworkTests.xctest */;
			productType = "com.apple.product-type.bundle.unit-test";
		};
		F4372F7E26266CED00457A28 /* MusicPlayerHomeworkUITests */ = {
			isa = PBXNativeTarget;
			buildConfigurationList = F4372F8E26266CED00457A28 /* Build configuration list for PBXNativeTarget "MusicPlayerHomeworkUITests" */;
			buildPhases = (
				F4372F7B26266CED00457A28 /* Sources */,
				F4372F7C26266CED00457A28 /* Frameworks */,
				F4372F7D26266CED00457A28 /* Resources */,
			);
			buildRules = (
			);
			dependencies = (
				F4372F8126266CED00457A28 /* PBXTargetDependency */,
			);
			name = MusicPlayerHomeworkUITests;
			productName = MusicPlayerHomeworkUITests;
			productReference = F4372F7F26266CED00457A28 /* MusicPlayerHomeworkUITests.xctest */;
			productType = "com.apple.product-type.bundle.ui-testing";
		};
/* End PBXNativeTarget section */

/* Begin PBXProject section */
		F4372F5626266CEA00457A28 /* Project object */ = {
			isa = PBXProject;
			attributes = {
				LastSwiftUpdateCheck = 1240;
				LastUpgradeCheck = 1240;
				TargetAttributes = {
					F4372F5D26266CEA00457A28 = {
						CreatedOnToolsVersion = 12.4;
					};
					F4372F7326266CED00457A28 = {
						CreatedOnToolsVersion = 12.4;
						TestTargetID = F4372F5D26266CEA00457A28;
					};
					F4372F7E26266CED00457A28 = {
						CreatedOnToolsVersion = 12.4;
						TestTargetID = F4372F5D26266CEA00457A28;
					};
				};
			};
			buildConfigurationList = F4372F5926266CEA00457A28 /* Build configuration list for PBXProject "MusicPlayerHomework" */;
			compatibilityVersion = "Xcode 9.3";
			developmentRegion = en;
			hasScannedForEncodings = 0;
			knownRegions = (
				en,
				Base,
			);
			mainGroup = F4372F5526266CEA00457A28;
			productRefGroup = F4372F5F26266CEA00457A28 /* Products */;
			projectDirPath = "";
			projectRoot = "";
			targets = (
				F4372F5D26266CEA00457A28 /* MusicPlayerHomework */,
				F4372F7326266CED00457A28 /* MusicPlayerHomeworkTests */,
				F4372F7E26266CED00457A28 /* MusicPlayerHomeworkUITests */,
			);
		};
/* End PBXProject section */

/* Begin PBXResourcesBuildPhase section */
		F4372F5C26266CEA00457A28 /* Resources */ = {
			isa = PBXResourcesBuildPhase;
			buildActionMask = 2147483647;
			files = (
				F4372F6E26266CEC00457A28 /* LaunchScreen.storyboard in Resources */,
				F4372F6B26266CEC00457A28 /* Assets.xcassets in Resources */,
				F4372F6926266CEA00457A28 /* Main.storyboard in Resources */,
			);
			runOnlyForDeploymentPostprocessing = 0;
		};
		F4372F7226266CED00457A28 /* Resources */ = {
			isa = PBXResourcesBuildPhase;
			buildActionMask = 2147483647;
			files = (
			);
			runOnlyForDeploymentPostprocessing = 0;
		};
		F4372F7D26266CED00457A28 /* Resources */ = {
			isa = PBXResourcesBuildPhase;
			buildActionMask = 2147483647;
			files = (
			);
			runOnlyForDeploymentPostprocessing = 0;
		};
/* End PBXResourcesBuildPhase section */

/* Begin PBXSourcesBuildPhase section */
		F4372F5A26266CEA00457A28 /* Sources */ = {
			isa = PBXSourcesBuildPhase;
			buildActionMask = 2147483647;
			files = (
				F4372F6626266CEA00457A28 /* ViewController.swift in Sources */,
				F4372F6226266CEA00457A28 /* AppDelegate.swift in Sources */,
				F4372F6426266CEA00457A28 /* SceneDelegate.swift in Sources */,
			);
			runOnlyForDeploymentPostprocessing = 0;
		};
		F4372F7026266CED00457A28 /* Sources */ = {
			isa = PBXSourcesBuildPhase;
			buildActionMask = 2147483647;
			files = (
				F4372F7926266CED00457A28 /* MusicPlayerHomeworkTests.swift in Sources */,
			);
			runOnlyForDeploymentPostprocessing = 0;
		};
		F4372F7B26266CED00457A28 /* Sources */ = {
			isa = PBXSourcesBuildPhase;
			buildActionMask = 2147483647;
			files = (
				F4372F8426266CED00457A28 /* MusicPlayerHomeworkUITests.swift in Sources */,
			);
			runOnlyForDeploymentPostprocessing = 0;
		};
/* End PBXSourcesBuildPhase section */

/* Begin PBXTargetDependency section */
		F4372F7626266CED00457A28 /* PBXTargetDependency */ = {
			isa = PBXTargetDependency;
			target = F4372F5D26266CEA00457A28 /* MusicPlayerHomework */;
			targetProxy = F4372F7526266CED00457A28 /* PBXContainerItemProxy */;
		};
		F4372F8126266CED00457A28 /* PBXTargetDependency */ = {
			isa = PBXTargetDependency;
			target = F4372F5D26266CEA00457A28 /* MusicPlayerHomework */;
			targetProxy = F4372F8026266CED00457A28 /* PBXContainerItemProxy */;
		};
/* End PBXTargetDependency section */

/* Begin PBXVariantGroup section */
		F4372F6726266CEA00457A28 /* Main.storyboard */ = {
			isa = PBXVariantGroup;
			children = (
				F4372F6826266CEA00457A28 /* Base */,
			);
			name = Main.storyboard;
			sourceTree = "<group>";
		};
		F4372F6C26266CEC00457A28 /* LaunchScreen.storyboard */ = {
			isa = PBXVariantGroup;
			children = (
				F4372F6D26266CEC00457A28 /* Base */,
			);
			name = LaunchScreen.storyboard;
			sourceTree = "<group>";
		};
/* End PBXVariantGroup section */

/* Begin XCBuildConfiguration section */
		F4372F8626266CED00457A28 /* Debug */ = {
			isa = XCBuildConfiguration;
			buildSettings = {
				ALWAYS_SEARCH_USER_PATHS = NO;
				CLANG_ANALYZER_NONNULL = YES;
				CLANG_ANALYZER_NUMBER_OBJECT_CONVERSION = YES_AGGRESSIVE;
				CLANG_CXX_LANGUAGE_STANDARD = "gnu++14";
				CLANG_CXX_LIBRARY = "libc++";
				CLANG_ENABLE_MODULES = YES;
				CLANG_ENABLE_OBJC_ARC = YES;
				CLANG_ENABLE_OBJC_WEAK = YES;
				CLANG_WARN_BLOCK_CAPTURE_AUTORELEASING = YES;
				CLANG_WARN_BOOL_CONVERSION = YES;
				CLANG_WARN_COMMA = YES;
				CLANG_WARN_CONSTANT_CONVERSION = YES;
				CLANG_WARN_DEPRECATED_OBJC_IMPLEMENTATIONS = YES;
				CLANG_WARN_DIRECT_OBJC_ISA_USAGE = YES_ERROR;
				CLANG_WARN_DOCUMENTATION_COMMENTS = YES;
				CLANG_WARN_EMPTY_BODY = YES;
				CLANG_WARN_ENUM_CONVERSION = YES;
				CLANG_WARN_INFINITE_RECURSION = YES;
				CLANG_WARN_INT_CONVERSION = YES;
				CLANG_WARN_NON_LITERAL_NULL_CONVERSION = YES;
				CLANG_WARN_OBJC_IMPLICIT_RETAIN_SELF = YES;
				CLANG_WARN_OBJC_LITERAL_CONVERSION = YES;
				CLANG_WARN_OBJC_ROOT_CLASS = YES_ERROR;
				CLANG_WARN_QUOTED_INCLUDE_IN_FRAMEWORK_HEADER = YES;
				CLANG_WARN_RANGE_LOOP_ANALYSIS = YES;
				CLANG_WARN_STRICT_PROTOTYPES = YES;
				CLANG_WARN_SUSPICIOUS_MOVE = YES;
				CLANG_WARN_UNGUARDED_AVAILABILITY = YES_AGGRESSIVE;
				CLANG_WARN_UNREACHABLE_CODE = YES;
				CLANG_WARN__DUPLICATE_METHOD_MATCH = YES;
				COPY_PHASE_STRIP = NO;
				DEBUG_INFORMATION_FORMAT = dwarf;
				ENABLE_STRICT_OBJC_MSGSEND = YES;
				ENABLE_TESTABILITY = YES;
				GCC_C_LANGUAGE_STANDARD = gnu11;
				GCC_DYNAMIC_NO_PIC = NO;
				GCC_NO_COMMON_BLOCKS = YES;
				GCC_OPTIMIZATION_LEVEL = 0;
				GCC_PREPROCESSOR_DEFINITIONS = (
					"DEBUG=1",
					"$(inherited)",
				);
				GCC_WARN_64_TO_32_BIT_CONVERSION = YES;
				GCC_WARN_ABOUT_RETURN_TYPE = YES_ERROR;
				GCC_WARN_UNDECLARED_SELECTOR = YES;
				GCC_WARN_UNINITIALIZED_AUTOS = YES_AGGRESSIVE;
				GCC_WARN_UNUSED_FUNCTION = YES;
				GCC_WARN_UNUSED_VARIABLE = YES;
				IPHONEOS_DEPLOYMENT_TARGET = 14.4;
				MTL_ENABLE_DEBUG_INFO = INCLUDE_SOURCE;
				MTL_FAST_MATH = YES;
				ONLY_ACTIVE_ARCH = YES;
				SDKROOT = iphoneos;
				SWIFT_ACTIVE_COMPILATION_CONDITIONS = DEBUG;
				SWIFT_OPTIMIZATION_LEVEL = "-Onone";
			};
			name = Debug;
		};
		F4372F8726266CED00457A28 /* Release */ = {
			isa = XCBuildConfiguration;
			buildSettings = {
				ALWAYS_SEARCH_USER_PATHS = NO;
				CLANG_ANALYZER_NONNULL = YES;
				CLANG_ANALYZER_NUMBER_OBJECT_CONVERSION = YES_AGGRESSIVE;
				CLANG_CXX_LANGUAGE_STANDARD = "gnu++14";
				CLANG_CXX_LIBRARY = "libc++";
				CLANG_ENABLE_MODULES = YES;
				CLANG_ENABLE_OBJC_ARC = YES;
				CLANG_ENABLE_OBJC_WEAK = YES;
				CLANG_WARN_BLOCK_CAPTURE_AUTORELEASING = YES;
				CLANG_WARN_BOOL_CONVERSION = YES;
				CLANG_WARN_COMMA = YES;
				CLANG_WARN_CONSTANT_CONVERSION = YES;
				CLANG_WARN_DEPRECATED_OBJC_IMPLEMENTATIONS = YES;
				CLANG_WARN_DIRECT_OBJC_ISA_USAGE = YES_ERROR;
				CLANG_WARN_DOCUMENTATION_COMMENTS = YES;
				CLANG_WARN_EMPTY_BODY = YES;
				CLANG_WARN_ENUM_CONVERSION = YES;
				CLANG_WARN_INFINITE_RECURSION = YES;
				CLANG_WARN_INT_CONVERSION = YES;
				CLANG_WARN_NON_LITERAL_NULL_CONVERSION = YES;
				CLANG_WARN_OBJC_IMPLICIT_RETAIN_SELF = YES;
				CLANG_WARN_OBJC_LITERAL_CONVERSION = YES;
				CLANG_WARN_OBJC_ROOT_CLASS = YES_ERROR;
				CLANG_WARN_QUOTED_INCLUDE_IN_FRAMEWORK_HEADER = YES;
				CLANG_WARN_RANGE_LOOP_ANALYSIS = YES;
				CLANG_WARN_STRICT_PROTOTYPES = YES;
				CLANG_WARN_SUSPICIOUS_MOVE = YES;
				CLANG_WARN_UNGUARDED_AVAILABILITY = YES_AGGRESSIVE;
				CLANG_WARN_UNREACHABLE_CODE = YES;
				CLANG_WARN__DUPLICATE_METHOD_MATCH = YES;
				COPY_PHASE_STRIP = NO;
				DEBUG_INFORMATION_FORMAT = "dwarf-with-dsym";
				ENABLE_NS_ASSERTIONS = NO;
				ENABLE_STRICT_OBJC_MSGSEND = YES;
				GCC_C_LANGUAGE_STANDARD = gnu11;
				GCC_NO_COMMON_BLOCKS = YES;
				GCC_WARN_64_TO_32_BIT_CONVERSION = YES;
				GCC_WARN_ABOUT_RETURN_TYPE = YES_ERROR;
				GCC_WARN_UNDECLARED_SELECTOR = YES;
				GCC_WARN_UNINITIALIZED_AUTOS = YES_AGGRESSIVE;
				GCC_WARN_UNUSED_FUNCTION = YES;
				GCC_WARN_UNUSED_VARIABLE = YES;
				IPHONEOS_DEPLOYMENT_TARGET = 14.4;
				MTL_ENABLE_DEBUG_INFO = NO;
				MTL_FAST_MATH = YES;
				SDKROOT = iphoneos;
				SWIFT_COMPILATION_MODE = wholemodule;
				SWIFT_OPTIMIZATION_LEVEL = "-O";
				VALIDATE_PRODUCT = YES;
			};
			name = Release;
		};
		F4372F8926266CED00457A28 /* Debug */ = {
			isa = XCBuildConfiguration;
			buildSettings = {
				ASSETCATALOG_COMPILER_APPICON_NAME = AppIcon;
				ASSETCATALOG_COMPILER_GLOBAL_ACCENT_COLOR_NAME = AccentColor;
				CODE_SIGN_STYLE = Automatic;
				INFOPLIST_FILE = MusicPlayerHomework/Info.plist;
				LD_RUNPATH_SEARCH_PATHS = (
					"$(inherited)",
					"@executable_path/Frameworks",
				);
				PRODUCT_BUNDLE_IDENTIFIER = net.macnpc.MusicPlayerHomework;
				PRODUCT_NAME = "$(TARGET_NAME)";
				SWIFT_VERSION = 5.0;
				TARGETED_DEVICE_FAMILY = "1,2";
			};
			name = Debug;
		};
		F4372F8A26266CED00457A28 /* Release */ = {
			isa = XCBuildConfiguration;
			buildSettings = {
				ASSETCATALOG_COMPILER_APPICON_NAME = AppIcon;
				ASSETCATALOG_COMPILER_GLOBAL_ACCENT_COLOR_NAME = AccentColor;
				CODE_SIGN_STYLE = Automatic;
				INFOPLIST_FILE = MusicPlayerHomework/Info.plist;
				LD_RUNPATH_SEARCH_PATHS = (
					"$(inherited)",
					"@executable_path/Frameworks",
				);
				PRODUCT_BUNDLE_IDENTIFIER = net.macnpc.MusicPlayerHomework;
				PRODUCT_NAME = "$(TARGET_NAME)";
				SWIFT_VERSION = 5.0;
				TARGETED_DEVICE_FAMILY = "1,2";
			};
			name = Release;
		};
		F4372F8C26266CED00457A28 /* Debug */ = {
			isa = XCBuildConfiguration;
			buildSettings = {
				ALWAYS_EMBED_SWIFT_STANDARD_LIBRARIES = YES;
				BUNDLE_LOADER = "$(TEST_HOST)";
				CODE_SIGN_STYLE = Automatic;
				INFOPLIST_FILE = MusicPlayerHomeworkTests/Info.plist;
				IPHONEOS_DEPLOYMENT_TARGET = 14.4;
				LD_RUNPATH_SEARCH_PATHS = (
					"$(inherited)",
					"@executable_path/Frameworks",
					"@loader_path/Frameworks",
				);
				PRODUCT_BUNDLE_IDENTIFIER = net.macnpc.MusicPlayerHomeworkTests;
				PRODUCT_NAME = "$(TARGET_NAME)";
				SWIFT_VERSION = 5.0;
				TARGETED_DEVICE_FAMILY = "1,2";
				TEST_HOST = "$(BUILT_PRODUCTS_DIR)/MusicPlayerHomework.app/MusicPlayerHomework";
			};
			name = Debug;
		};
		F4372F8D26266CED00457A28 /* Release */ = {
			isa = XCBuildConfiguration;
			buildSettings = {
				ALWAYS_EMBED_SWIFT_STANDARD_LIBRARIES = YES;
				BUNDLE_LOADER = "$(TEST_HOST)";
				CODE_SIGN_STYLE = Automatic;
				INFOPLIST_FILE = MusicPlayerHomeworkTests/Info.plist;
				IPHONEOS_DEPLOYMENT_TARGET = 14.4;
				LD_RUNPATH_SEARCH_PATHS = (
					"$(inherited)",
					"@executable_path/Frameworks",
					"@loader_path/Frameworks",
				);
				PRODUCT_BUNDLE_IDENTIFIER = net.macnpc.MusicPlayerHomeworkTests;
				PRODUCT_NAME = "$(TARGET_NAME)";
				SWIFT_VERSION = 5.0;
				TARGETED_DEVICE_FAMILY = "1,2";
				TEST_HOST = "$(BUILT_PRODUCTS_DIR)/MusicPlayerHomework.app/MusicPlayerHomework";
			};
			name = Release;
		};
		F4372F8F26266CED00457A28 /* Debug */ = {
			isa = XCBuildConfiguration;
			buildSettings = {
				ALWAYS_EMBED_SWIFT_STANDARD_LIBRARIES = YES;
				CODE_SIGN_STYLE = Automatic;
				INFOPLIST_FILE = MusicPlayerHomeworkUITests/Info.plist;
				LD_RUNPATH_SEARCH_PATHS = (
					"$(inherited)",
					"@executable_path/Frameworks",
					"@loader_path/Frameworks",
				);
				PRODUCT_BUNDLE_IDENTIFIER = net.macnpc.MusicPlayerHomeworkUITests;
				PRODUCT_NAME = "$(TARGET_NAME)";
				SWIFT_VERSION = 5.0;
				TARGETED_DEVICE_FAMILY = "1,2";
				TEST_TARGET_NAME = MusicPlayerHomework;
			};
			name = Debug;
		};
		F4372F9026266CED00457A28 /* Release */ = {
			isa = XCBuildConfiguration;
			buildSettings = {
				ALWAYS_EMBED_SWIFT_STANDARD_LIBRARIES = YES;
				CODE_SIGN_STYLE = Automatic;
				INFOPLIST_FILE = MusicPlayerHomeworkUITests/Info.plist;
				LD_RUNPATH_SEARCH_PATHS = (
					"$(inherited)",
					"@executable_path/Frameworks",
					"@loader_path/Frameworks",
				);
				PRODUCT_BUNDLE_IDENTIFIER = net.macnpc.MusicPlayerHomeworkUITests;
				PRODUCT_NAME = "$(TARGET_NAME)";
				SWIFT_VERSION = 5.0;
				TARGETED_DEVICE_FAMILY = "1,2";
				TEST_TARGET_NAME = MusicPlayerHomework;
			};
			name = Release;
		};
/* End XCBuildConfiguration section */

/* Begin XCConfigurationList section */
		F4372F5926266CEA00457A28 /* Build configuration list for PBXProject "MusicPlayerHomework" */ = {
			isa = XCConfigurationList;
			buildConfigurations = (
				F4372F8626266CED00457A28 /* Debug */,
				F4372F8726266CED00457A28 /* Release */,
			);
			defaultConfigurationIsVisible = 0;
			defaultConfigurationName = Release;
		};
		F4372F8826266CED00457A28 /* Build configuration list for PBXNativeTarget "MusicPlayerHomework" */ = {
			isa = XCConfigurationList;
			buildConfigurations = (
				F4372F8926266CED00457A28 /* Debug */,
				F4372F8A26266CED00457A28 /* Release */,
			);
			defaultConfigurationIsVisible = 0;
			defaultConfigurationName = Release;
		};
		F4372F8B26266CED00457A28 /* Build configuration list for PBXNativeTarget "MusicPlayerHomeworkTests" */ = {
			isa = XCConfigurationList;
			buildConfigurations = (
				F4372F8C26266CED00457A28 /* Debug */,
				F4372F8D26266CED00457A28 /* Release */,
			);
			defaultConfigurationIsVisible = 0;
			defaultConfigurationName = Release;
		};
		F4372F8E26266CED00457A28 /* Build configuration list for PBXNativeTarget "MusicPlayerHomeworkUITests" */ = {
			isa = XCConfigurationList;
			buildConfigurations = (
				F4372F8F26266CED00457A28 /* Debug */,
				F4372F9026266CED00457A28 /* Release */,
			);
			defaultConfigurationIsVisible = 0;
			defaultConfigurationName = Release;
		};
/* End XCConfigurationList section */
	};
	rootObject = F4372F5626266CEA00457A28 /* Project object */;
}
