// !$*UTF8*$!
{
	archiveVersion = 1;
	classes = {
	};
	objectVersion = 50;
	objects = {

/* Begin PBXBuildFile section */
		F43730342629566600457A28 /* AppDelegate.swift in Sources */ = {isa = PBXBuildFile; fileRef = F43730332629566600457A28 /* AppDelegate.swift */; };
		F43730362629566600457A28 /* SceneDelegate.swift in Sources */ = {isa = PBXBuildFile; fileRef = F43730352629566600457A28 /* SceneDelegate.swift */; };
		F43730382629566600457A28 /* ViewController.swift in Sources */ = {isa = PBXBuildFile; fileRef = F43730372629566600457A28 /* ViewController.swift */; };
		F437303B2629566600457A28 /* Main.storyboard in Resources */ = {isa = PBXBuildFile; fileRef = F43730392629566600457A28 /* Main.storyboard */; };
		F437303D2629566700457A28 /* Assets.xcassets in Resources */ = {isa = PBXBuildFile; fileRef = F437303C2629566700457A28 /* Assets.xcassets */; };
		F43730402629566700457A28 /* LaunchScreen.storyboard in Resources */ = {isa = PBXBuildFile; fileRef = F437303E2629566700457A28 /* LaunchScreen.storyboard */; };
		F437304B2629566800457A28 /* MyDatePickerTests.swift in Sources */ = {isa = PBXBuildFile; fileRef = F437304A2629566800457A28 /* MyDatePickerTests.swift */; };
		F43730562629566800457A28 /* MyDatePickerUITests.swift in Sources */ = {isa = PBXBuildFile; fileRef = F43730552629566800457A28 /* MyDatePickerUITests.swift */; };
/* End PBXBuildFile section */

/* Begin PBXContainerItemProxy section */
		F43730472629566800457A28 /* PBXContainerItemProxy */ = {
			isa = PBXContainerItemProxy;
			containerPortal = F43730282629566600457A28 /* Project object */;
			proxyType = 1;
			remoteGlobalIDString = F437302F2629566600457A28;
			remoteInfo = MyDatePicker;
		};
		F43730522629566800457A28 /* PBXContainerItemProxy */ = {
			isa = PBXContainerItemProxy;
			containerPortal = F43730282629566600457A28 /* Project object */;
			proxyType = 1;
			remoteGlobalIDString = F437302F2629566600457A28;
			remoteInfo = MyDatePicker;
		};
/* End PBXContainerItemProxy section */

/* Begin PBXFileReference section */
		F43730302629566600457A28 /* MyDatePicker.app */ = {isa = PBXFileReference; explicitFileType = wrapper.application; includeInIndex = 0; path = MyDatePicker.app; sourceTree = BUILT_PRODUCTS_DIR; };
		F43730332629566600457A28 /* AppDelegate.swift */ = {isa = PBXFileReference; lastKnownFileType = sourcecode.swift; path = AppDelegate.swift; sourceTree = "<group>"; };
		F43730352629566600457A28 /* SceneDelegate.swift */ = {isa = PBXFileReference; lastKnownFileType = sourcecode.swift; path = SceneDelegate.swift; sourceTree = "<group>"; };
		F43730372629566600457A28 /* ViewController.swift */ = {isa = PBXFileReference; lastKnownFileType = sourcecode.swift; path = ViewController.swift; sourceTree = "<group>"; };
		F437303A2629566600457A28 /* Base */ = {isa = PBXFileReference; lastKnownFileType = file.storyboard; name = Base; path = Base.lproj/Main.storyboard; sourceTree = "<group>"; };
		F437303C2629566700457A28 /* Assets.xcassets */ = {isa = PBXFileReference; lastKnownFileType = folder.assetcatalog; path = Assets.xcassets; sourceTree = "<group>"; };
		F437303F2629566700457A28 /* Base */ = {isa = PBXFileReference; lastKnownFileType = file.storyboard; name = Base; path = Base.lproj/LaunchScreen.storyboard; sourceTree = "<group>"; };
		F43730412629566700457A28 /* Info.plist */ = {isa = PBXFileReference; lastKnownFileType = text.plist.xml; path = Info.plist; sourceTree = "<group>"; };
		F43730462629566800457A28 /* MyDatePickerTests.xctest */ = {isa = PBXFileReference; explicitFileType = wrapper.cfbundle; includeInIndex = 0; path = MyDatePickerTests.xctest; sourceTree = BUILT_PRODUCTS_DIR; };
		F437304A2629566800457A28 /* MyDatePickerTests.swift */ = {isa = PBXFileReference; lastKnownFileType = sourcecode.swift; path = MyDatePickerTests.swift; sourceTree = "<group>"; };
		F437304C2629566800457A28 /* Info.plist */ = {isa = PBXFileReference; lastKnownFileType = text.plist.xml; path = Info.plist; sourceTree = "<group>"; };
		F43730512629566800457A28 /* MyDatePickerUITests.xctest */ = {isa = PBXFileReference; explicitFileType = wrapper.cfbundle; includeInIndex = 0; path = MyDatePickerUITests.xctest; sourceTree = BUILT_PRODUCTS_DIR; };
		F43730552629566800457A28 /* MyDatePickerUITests.swift */ = {isa = PBXFileReference; lastKnownFileType = sourcecode.swift; path = MyDatePickerUITests.swift; sourceTree = "<group>"; };
		F43730572629566800457A28 /* Info.plist */ = {isa = PBXFileReference; lastKnownFileType = text.plist.xml; path = Info.plist; sourceTree = "<group>"; };
/* End PBXFileReference section */

/* Begin PBXFrameworksBuildPhase section */
		F437302D2629566600457A28 /* Frameworks */ = {
			isa = PBXFrameworksBuildPhase;
			buildActionMask = 2147483647;
			files = (
			);
			runOnlyForDeploymentPostprocessing = 0;
		};
		F43730432629566800457A28 /* Frameworks */ = {
			isa = PBXFrameworksBuildPhase;
			buildActionMask = 2147483647;
			files = (
			);
			runOnlyForDeploymentPostprocessing = 0;
		};
		F437304E2629566800457A28 /* Frameworks */ = {
			isa = PBXFrameworksBuildPhase;
			buildActionMask = 2147483647;
			files = (
			);
			runOnlyForDeploymentPostprocessing = 0;
		};
/* End PBXFrameworksBuildPhase section */

/* Begin PBXGroup section */
		F43730272629566600457A28 = {
			isa = PBXGroup;
			children = (
				F43730322629566600457A28 /* MyDatePicker */,
				F43730492629566800457A28 /* MyDatePickerTests */,
				F43730542629566800457A28 /* MyDatePickerUITests */,
				F43730312629566600457A28 /* Products */,
			);
			sourceTree = "<group>";
		};
		F43730312629566600457A28 /* Products */ = {
			isa = PBXGroup;
			children = (
				F43730302629566600457A28 /* MyDatePicker.app */,
				F43730462629566800457A28 /* MyDatePickerTests.xctest */,
				F43730512629566800457A28 /* MyDatePickerUITests.xctest */,
			);
			name = Products;
			sourceTree = "<group>";
		};
		F43730322629566600457A28 /* MyDatePicker */ = {
			isa = PBXGroup;
			children = (
				F43730332629566600457A28 /* AppDelegate.swift */,
				F43730352629566600457A28 /* SceneDelegate.swift */,
				F43730372629566600457A28 /* ViewController.swift */,
				F43730392629566600457A28 /* Main.storyboard */,
				F437303C2629566700457A28 /* Assets.xcassets */,
				F437303E2629566700457A28 /* LaunchScreen.storyboard */,
				F43730412629566700457A28 /* Info.plist */,
			);
			path = MyDatePicker;
			sourceTree = "<group>";
		};
		F43730492629566800457A28 /* MyDatePickerTests */ = {
			isa = PBXGroup;
			children = (
				F437304A2629566800457A28 /* MyDatePickerTests.swift */,
				F437304C2629566800457A28 /* Info.plist */,
			);
			path = MyDatePickerTests;
			sourceTree = "<group>";
		};
		F43730542629566800457A28 /* MyDatePickerUITests */ = {
			isa = PBXGroup;
			children = (
				F43730552629566800457A28 /* MyDatePickerUITests.swift */,
				F43730572629566800457A28 /* Info.plist */,
			);
			path = MyDatePickerUITests;
			sourceTree = "<group>";
		};
/* End PBXGroup section */

/* Begin PBXNativeTarget section */
		F437302F2629566600457A28 /* MyDatePicker */ = {
			isa = PBXNativeTarget;
			buildConfigurationList = F437305A2629566800457A28 /* Build configuration list for PBXNativeTarget "MyDatePicker" */;
			buildPhases = (
				F437302C2629566600457A28 /* Sources */,
				F437302D2629566600457A28 /* Frameworks */,
				F437302E2629566600457A28 /* Resources */,
			);
			buildRules = (
			);
			dependencies = (
			);
			name = MyDatePicker;
			productName = MyDatePicker;
			productReference = F43730302629566600457A28 /* MyDatePicker.app */;
			productType = "com.apple.product-type.application";
		};
		F43730452629566800457A28 /* MyDatePickerTests */ = {
			isa = PBXNativeTarget;
			buildConfigurationList = F437305D2629566800457A28 /* Build configuration list for PBXNativeTarget "MyDatePickerTests" */;
			buildPhases = (
				F43730422629566800457A28 /* Sources */,
				F43730432629566800457A28 /* Frameworks */,
				F43730442629566800457A28 /* Resources */,
			);
			buildRules = (
			);
			dependencies = (
				F43730482629566800457A28 /* PBXTargetDependency */,
			);
			name = MyDatePickerTests;
			productName = MyDatePickerTests;
			productReference = F43730462629566800457A28 /* MyDatePickerTests.xctest */;
			productType = "com.apple.product-type.bundle.unit-test";
		};
		F43730502629566800457A28 /* MyDatePickerUITests */ = {
			isa = PBXNativeTarget;
			buildConfigurationList = F43730602629566800457A28 /* Build configuration list for PBXNativeTarget "MyDatePickerUITests" */;
			buildPhases = (
				F437304D2629566800457A28 /* Sources */,
				F437304E2629566800457A28 /* Frameworks */,
				F437304F2629566800457A28 /* Resources */,
			);
			buildRules = (
			);
			dependencies = (
				F43730532629566800457A28 /* PBXTargetDependency */,
			);
			name = MyDatePickerUITests;
			productName = MyDatePickerUITests;
			productReference = F43730512629566800457A28 /* MyDatePickerUITests.xctest */;
			productType = "com.apple.product-type.bundle.ui-testing";
		};
/* End PBXNativeTarget section */

/* Begin PBXProject section */
		F43730282629566600457A28 /* Project object */ = {
			isa = PBXProject;
			attributes = {
				LastSwiftUpdateCheck = 1240;
				LastUpgradeCheck = 1240;
				TargetAttributes = {
					F437302F2629566600457A28 = {
						CreatedOnToolsVersion = 12.4;
					};
					F43730452629566800457A28 = {
						CreatedOnToolsVersion = 12.4;
						TestTargetID = F437302F2629566600457A28;
					};
					F43730502629566800457A28 = {
						CreatedOnToolsVersion = 12.4;
						TestTargetID = F437302F2629566600457A28;
					};
				};
			};
			buildConfigurationList = F437302B2629566600457A28 /* Build configuration list for PBXProject "MyDatePicker" */;
			compatibilityVersion = "Xcode 9.3";
			developmentRegion = en;
			hasScannedForEncodings = 0;
			knownRegions = (
				en,
				Base,
			);
			mainGroup = F43730272629566600457A28;
			productRefGroup = F43730312629566600457A28 /* Products */;
			projectDirPath = "";
			projectRoot = "";
			targets = (
				F437302F2629566600457A28 /* MyDatePicker */,
				F43730452629566800457A28 /* MyDatePickerTests */,
				F43730502629566800457A28 /* MyDatePickerUITests */,
			);
		};
/* End PBXProject section */

/* Begin PBXResourcesBuildPhase section */
		F437302E2629566600457A28 /* Resources */ = {
			isa = PBXResourcesBuildPhase;
			buildActionMask = 2147483647;
			files = (
				F43730402629566700457A28 /* LaunchScreen.storyboard in Resources */,
				F437303D2629566700457A28 /* Assets.xcassets in Resources */,
				F437303B2629566600457A28 /* Main.storyboard in Resources */,
			);
			runOnlyForDeploymentPostprocessing = 0;
		};
		F43730442629566800457A28 /* Resources */ = {
			isa = PBXResourcesBuildPhase;
			buildActionMask = 2147483647;
			files = (
			);
			runOnlyForDeploymentPostprocessing = 0;
		};
		F437304F2629566800457A28 /* Resources */ = {
			isa = PBXResourcesBuildPhase;
			buildActionMask = 2147483647;
			files = (
			);
			runOnlyForDeploymentPostprocessing = 0;
		};
/* End PBXResourcesBuildPhase section */

/* Begin PBXSourcesBuildPhase section */
		F437302C2629566600457A28 /* Sources */ = {
			isa = PBXSourcesBuildPhase;
			buildActionMask = 2147483647;
			files = (
				F43730382629566600457A28 /* ViewController.swift in Sources */,
				F43730342629566600457A28 /* AppDelegate.swift in Sources */,
				F43730362629566600457A28 /* SceneDelegate.swift in Sources */,
			);
			runOnlyForDeploymentPostprocessing = 0;
		};
		F43730422629566800457A28 /* Sources */ = {
			isa = PBXSourcesBuildPhase;
			buildActionMask = 2147483647;
			files = (
				F437304B2629566800457A28 /* MyDatePickerTests.swift in Sources */,
			);
			runOnlyForDeploymentPostprocessing = 0;
		};
		F437304D2629566800457A28 /* Sources */ = {
			isa = PBXSourcesBuildPhase;
			buildActionMask = 2147483647;
			files = (
				F43730562629566800457A28 /* MyDatePickerUITests.swift in Sources */,
			);
			runOnlyForDeploymentPostprocessing = 0;
		};
/* End PBXSourcesBuildPhase section */

/* Begin PBXTargetDependency section */
		F43730482629566800457A28 /* PBXTargetDependency */ = {
			isa = PBXTargetDependency;
			target = F437302F2629566600457A28 /* MyDatePicker */;
			targetProxy = F43730472629566800457A28 /* PBXContainerItemProxy */;
		};
		F43730532629566800457A28 /* PBXTargetDependency */ = {
			isa = PBXTargetDependency;
			target = F437302F2629566600457A28 /* MyDatePicker */;
			targetProxy = F43730522629566800457A28 /* PBXContainerItemProxy */;
		};
/* End PBXTargetDependency section */

/* Begin PBXVariantGroup section */
		F43730392629566600457A28 /* Main.storyboard */ = {
			isa = PBXVariantGroup;
			children = (
				F437303A2629566600457A28 /* Base */,
			);
			name = Main.storyboard;
			sourceTree = "<group>";
		};
		F437303E2629566700457A28 /* LaunchScreen.storyboard */ = {
			isa = PBXVariantGroup;
			children = (
				F437303F2629566700457A28 /* Base */,
			);
			name = LaunchScreen.storyboard;
			sourceTree = "<group>";
		};
/* End PBXVariantGroup section */

/* Begin XCBuildConfiguration section */
		F43730582629566800457A28 /* Debug */ = {
			isa = XCBuildConfiguration;
			buildSettings = {
				ALWAYS_SEARCH_USER_PATHS = NO;
				CLANG_ANALYZER_NONNULL = YES;
				CLANG_ANALYZER_NUMBER_OBJECT_CONVERSION = YES_AGGRESSIVE;
				CLANG_CXX_LANGUAGE_STANDARD = "gnu++14";
				CLANG_CXX_LIBRARY = "libc++";
				CLANG_ENABLE_MODULES = YES;
				CLANG_ENABLE_OBJC_ARC = YES;
				CLANG_ENABLE_OBJC_WEAK = YES;
				CLANG_WARN_BLOCK_CAPTURE_AUTORELEASING = YES;
				CLANG_WARN_BOOL_CONVERSION = YES;
				CLANG_WARN_COMMA = YES;
				CLANG_WARN_CONSTANT_CONVERSION = YES;
				CLANG_WARN_DEPRECATED_OBJC_IMPLEMENTATIONS = YES;
				CLANG_WARN_DIRECT_OBJC_ISA_USAGE = YES_ERROR;
				CLANG_WARN_DOCUMENTATION_COMMENTS = YES;
				CLANG_WARN_EMPTY_BODY = YES;
				CLANG_WARN_ENUM_CONVERSION = YES;
				CLANG_WARN_INFINITE_RECURSION = YES;
				CLANG_WARN_INT_CONVERSION = YES;
				CLANG_WARN_NON_LITERAL_NULL_CONVERSION = YES;
				CLANG_WARN_OBJC_IMPLICIT_RETAIN_SELF = YES;
				CLANG_WARN_OBJC_LITERAL_CONVERSION = YES;
				CLANG_WARN_OBJC_ROOT_CLASS = YES_ERROR;
				CLANG_WARN_QUOTED_INCLUDE_IN_FRAMEWORK_HEADER = YES;
				CLANG_WARN_RANGE_LOOP_ANALYSIS = YES;
				CLANG_WARN_STRICT_PROTOTYPES = YES;
				CLANG_WARN_SUSPICIOUS_MOVE = YES;
				CLANG_WARN_UNGUARDED_AVAILABILITY = YES_AGGRESSIVE;
				CLANG_WARN_UNREACHABLE_CODE = YES;
				CLANG_WARN__DUPLICATE_METHOD_MATCH = YES;
				COPY_PHASE_STRIP = NO;
				DEBUG_INFORMATION_FORMAT = dwarf;
				ENABLE_STRICT_OBJC_MSGSEND = YES;
				ENABLE_TESTABILITY = YES;
				GCC_C_LANGUAGE_STANDARD = gnu11;
				GCC_DYNAMIC_NO_PIC = NO;
				GCC_NO_COMMON_BLOCKS = YES;
				GCC_OPTIMIZATION_LEVEL = 0;
				GCC_PREPROCESSOR_DEFINITIONS = (
					"DEBUG=1",
					"$(inherited)",
				);
				GCC_WARN_64_TO_32_BIT_CONVERSION = YES;
				GCC_WARN_ABOUT_RETURN_TYPE = YES_ERROR;
				GCC_WARN_UNDECLARED_SELECTOR = YES;
				GCC_WARN_UNINITIALIZED_AUTOS = YES_AGGRESSIVE;
				GCC_WARN_UNUSED_FUNCTION = YES;
				GCC_WARN_UNUSED_VARIABLE = YES;
				IPHONEOS_DEPLOYMENT_TARGET = 14.4;
				MTL_ENABLE_DEBUG_INFO = INCLUDE_SOURCE;
				MTL_FAST_MATH = YES;
				ONLY_ACTIVE_ARCH = YES;
				SDKROOT = iphoneos;
				SWIFT_ACTIVE_COMPILATION_CONDITIONS = DEBUG;
				SWIFT_OPTIMIZATION_LEVEL = "-Onone";
			};
			name = Debug;
		};
		F43730592629566800457A28 /* Release */ = {
			isa = XCBuildConfiguration;
			buildSettings = {
				ALWAYS_SEARCH_USER_PATHS = NO;
				CLANG_ANALYZER_NONNULL = YES;
				CLANG_ANALYZER_NUMBER_OBJECT_CONVERSION = YES_AGGRESSIVE;
				CLANG_CXX_LANGUAGE_STANDARD = "gnu++14";
				CLANG_CXX_LIBRARY = "libc++";
				CLANG_ENABLE_MODULES = YES;
				CLANG_ENABLE_OBJC_ARC = YES;
				CLANG_ENABLE_OBJC_WEAK = YES;
				CLANG_WARN_BLOCK_CAPTURE_AUTORELEASING = YES;
				CLANG_WARN_BOOL_CONVERSION = YES;
				CLANG_WARN_COMMA = YES;
				CLANG_WARN_CONSTANT_CONVERSION = YES;
				CLANG_WARN_DEPRECATED_OBJC_IMPLEMENTATIONS = YES;
				CLANG_WARN_DIRECT_OBJC_ISA_USAGE = YES_ERROR;
				CLANG_WARN_DOCUMENTATION_COMMENTS = YES;
				CLANG_WARN_EMPTY_BODY = YES;
				CLANG_WARN_ENUM_CONVERSION = YES;
				CLANG_WARN_INFINITE_RECURSION = YES;
				CLANG_WARN_INT_CONVERSION = YES;
				CLANG_WARN_NON_LITERAL_NULL_CONVERSION = YES;
				CLANG_WARN_OBJC_IMPLICIT_RETAIN_SELF = YES;
				CLANG_WARN_OBJC_LITERAL_CONVERSION = YES;
				CLANG_WARN_OBJC_ROOT_CLASS = YES_ERROR;
				CLANG_WARN_QUOTED_INCLUDE_IN_FRAMEWORK_HEADER = YES;
				CLANG_WARN_RANGE_LOOP_ANALYSIS = YES;
				CLANG_WARN_STRICT_PROTOTYPES = YES;
				CLANG_WARN_SUSPICIOUS_MOVE = YES;
				CLANG_WARN_UNGUARDED_AVAILABILITY = YES_AGGRESSIVE;
				CLANG_WARN_UNREACHABLE_CODE = YES;
				CLANG_WARN__DUPLICATE_METHOD_MATCH = YES;
				COPY_PHASE_STRIP = NO;
				DEBUG_INFORMATION_FORMAT = "dwarf-with-dsym";
				ENABLE_NS_ASSERTIONS = NO;
				ENABLE_STRICT_OBJC_MSGSEND = YES;
				GCC_C_LANGUAGE_STANDARD = gnu11;
				GCC_NO_COMMON_BLOCKS = YES;
				GCC_WARN_64_TO_32_BIT_CONVERSION = YES;
				GCC_WARN_ABOUT_RETURN_TYPE = YES_ERROR;
				GCC_WARN_UNDECLARED_SELECTOR = YES;
				GCC_WARN_UNINITIALIZED_AUTOS = YES_AGGRESSIVE;
				GCC_WARN_UNUSED_FUNCTION = YES;
				GCC_WARN_UNUSED_VARIABLE = YES;
				IPHONEOS_DEPLOYMENT_TARGET = 14.4;
				MTL_ENABLE_DEBUG_INFO = NO;
				MTL_FAST_MATH = YES;
				SDKROOT = iphoneos;
				SWIFT_COMPILATION_MODE = wholemodule;
				SWIFT_OPTIMIZATION_LEVEL = "-O";
				VALIDATE_PRODUCT = YES;
			};
			name = Release;
		};
		F437305B2629566800457A28 /* Debug */ = {
			isa = XCBuildConfiguration;
			buildSettings = {
				ASSETCATALOG_COMPILER_APPICON_NAME = AppIcon;
				ASSETCATALOG_COMPILER_GLOBAL_ACCENT_COLOR_NAME = AccentColor;
				CODE_SIGN_STYLE = Automatic;
				INFOPLIST_FILE = MyDatePicker/Info.plist;
				LD_RUNPATH_SEARCH_PATHS = (
					"$(inherited)",
					"@executable_path/Frameworks",
				);
				PRODUCT_BUNDLE_IDENTIFIER = net.macnpc.MyDatePicker;
				PRODUCT_NAME = "$(TARGET_NAME)";
				SWIFT_VERSION = 5.0;
				TARGETED_DEVICE_FAMILY = "1,2";
			};
			name = Debug;
		};
		F437305C2629566800457A28 /* Release */ = {
			isa = XCBuildConfiguration;
			buildSettings = {
				ASSETCATALOG_COMPILER_APPICON_NAME = AppIcon;
				ASSETCATALOG_COMPILER_GLOBAL_ACCENT_COLOR_NAME = AccentColor;
				CODE_SIGN_STYLE = Automatic;
				INFOPLIST_FILE = MyDatePicker/Info.plist;
				LD_RUNPATH_SEARCH_PATHS = (
					"$(inherited)",
					"@executable_path/Frameworks",
				);
				PRODUCT_BUNDLE_IDENTIFIER = net.macnpc.MyDatePicker;
				PRODUCT_NAME = "$(TARGET_NAME)";
				SWIFT_VERSION = 5.0;
				TARGETED_DEVICE_FAMILY = "1,2";
			};
			name = Release;
		};
		F437305E2629566800457A28 /* Debug */ = {
			isa = XCBuildConfiguration;
			buildSettings = {
				ALWAYS_EMBED_SWIFT_STANDARD_LIBRARIES = YES;
				BUNDLE_LOADER = "$(TEST_HOST)";
				CODE_SIGN_STYLE = Automatic;
				INFOPLIST_FILE = MyDatePickerTests/Info.plist;
				IPHONEOS_DEPLOYMENT_TARGET = 14.4;
				LD_RUNPATH_SEARCH_PATHS = (
					"$(inherited)",
					"@executable_path/Frameworks",
					"@loader_path/Frameworks",
				);
				PRODUCT_BUNDLE_IDENTIFIER = net.macnpc.MyDatePickerTests;
				PRODUCT_NAME = "$(TARGET_NAME)";
				SWIFT_VERSION = 5.0;
				TARGETED_DEVICE_FAMILY = "1,2";
				TEST_HOST = "$(BUILT_PRODUCTS_DIR)/MyDatePicker.app/MyDatePicker";
			};
			name = Debug;
		};
		F437305F2629566800457A28 /* Release */ = {
			isa = XCBuildConfiguration;
			buildSettings = {
				ALWAYS_EMBED_SWIFT_STANDARD_LIBRARIES = YES;
				BUNDLE_LOADER = "$(TEST_HOST)";
				CODE_SIGN_STYLE = Automatic;
				INFOPLIST_FILE = MyDatePickerTests/Info.plist;
				IPHONEOS_DEPLOYMENT_TARGET = 14.4;
				LD_RUNPATH_SEARCH_PATHS = (
					"$(inherited)",
					"@executable_path/Frameworks",
					"@loader_path/Frameworks",
				);
				PRODUCT_BUNDLE_IDENTIFIER = net.macnpc.MyDatePickerTests;
				PRODUCT_NAME = "$(TARGET_NAME)";
				SWIFT_VERSION = 5.0;
				TARGETED_DEVICE_FAMILY = "1,2";
				TEST_HOST = "$(BUILT_PRODUCTS_DIR)/MyDatePicker.app/MyDatePicker";
			};
			name = Release;
		};
		F43730612629566800457A28 /* Debug */ = {
			isa = XCBuildConfiguration;
			buildSettings = {
				ALWAYS_EMBED_SWIFT_STANDARD_LIBRARIES = YES;
				CODE_SIGN_STYLE = Automatic;
				INFOPLIST_FILE = MyDatePickerUITests/Info.plist;
				LD_RUNPATH_SEARCH_PATHS = (
					"$(inherited)",
					"@executable_path/Frameworks",
					"@loader_path/Frameworks",
				);
				PRODUCT_BUNDLE_IDENTIFIER = net.macnpc.MyDatePickerUITests;
				PRODUCT_NAME = "$(TARGET_NAME)";
				SWIFT_VERSION = 5.0;
				TARGETED_DEVICE_FAMILY = "1,2";
				TEST_TARGET_NAME = MyDatePicker;
			};
			name = Debug;
		};
		F43730622629566800457A28 /* Release */ = {
			isa = XCBuildConfiguration;
			buildSettings = {
				ALWAYS_EMBED_SWIFT_STANDARD_LIBRARIES = YES;
				CODE_SIGN_STYLE = Automatic;
				INFOPLIST_FILE = MyDatePickerUITests/Info.plist;
				LD_RUNPATH_SEARCH_PATHS = (
					"$(inherited)",
					"@executable_path/Frameworks",
					"@loader_path/Frameworks",
				);
				PRODUCT_BUNDLE_IDENTIFIER = net.macnpc.MyDatePickerUITests;
				PRODUCT_NAME = "$(TARGET_NAME)";
				SWIFT_VERSION = 5.0;
				TARGETED_DEVICE_FAMILY = "1,2";
				TEST_TARGET_NAME = MyDatePicker;
			};
			name = Release;
		};
/* End XCBuildConfiguration section */

/* Begin XCConfigurationList section */
		F437302B2629566600457A28 /* Build configuration list for PBXProject "MyDatePicker" */ = {
			isa = XCConfigurationList;
			buildConfigurations = (
				F43730582629566800457A28 /* Debug */,
				F43730592629566800457A28 /* Release */,
			);
			defaultConfigurationIsVisible = 0;
			defaultConfigurationName = Release;
		};
		F437305A2629566800457A28 /* Build configuration list for PBXNativeTarget "MyDatePicker" */ = {
			isa = XCConfigurationList;
			buildConfigurations = (
				F437305B2629566800457A28 /* Debug */,
				F437305C2629566800457A28 /* Release */,
			);
			defaultConfigurationIsVisible = 0;
			defaultConfigurationName = Release;
		};
		F437305D2629566800457A28 /* Build configuration list for PBXNativeTarget "MyDatePickerTests" */ = {
			isa = XCConfigurationList;
			buildConfigurations = (
				F437305E2629566800457A28 /* Debug */,
				F437305F2629566800457A28 /* Release */,
			);
			defaultConfigurationIsVisible = 0;
			defaultConfigurationName = Release;
		};
		F43730602629566800457A28 /* Build configuration list for PBXNativeTarget "MyDatePickerUITests" */ = {
			isa = XCConfigurationList;
			buildConfigurations = (
				F43730612629566800457A28 /* Debug */,
				F43730622629566800457A28 /* Release */,
			);
			defaultConfigurationIsVisible = 0;
			defaultConfigurationName = Release;
		};
/* End XCConfigurationList section */
	};
	rootObject = F43730282629566600457A28 /* Project object */;
}
