// !$*UTF8*$!
{
	archiveVersion = 1;
	classes = {
	};
	objectVersion = 50;
	objects = {

/* Begin PBXBuildFile section */
		F4D6BB1E2648BE76007D4784 /* AppDelegate.swift in Sources */ = {isa = PBXBuildFile; fileRef = F4D6BB1D2648BE76007D4784 /* AppDelegate.swift */; };
		F4D6BB202648BE76007D4784 /* SceneDelegate.swift in Sources */ = {isa = PBXBuildFile; fileRef = F4D6BB1F2648BE76007D4784 /* SceneDelegate.swift */; };
		F4D6BB222648BE76007D4784 /* ViewController.swift in Sources */ = {isa = PBXBuildFile; fileRef = F4D6BB212648BE76007D4784 /* ViewController.swift */; };
		F4D6BB252648BE76007D4784 /* Main.storyboard in Resources */ = {isa = PBXBuildFile; fileRef = F4D6BB232648BE76007D4784 /* Main.storyboard */; };
		F4D6BB272648BE77007D4784 /* Assets.xcassets in Resources */ = {isa = PBXBuildFile; fileRef = F4D6BB262648BE77007D4784 /* Assets.xcassets */; };
		F4D6BB2A2648BE77007D4784 /* LaunchScreen.storyboard in Resources */ = {isa = PBXBuildFile; fileRef = F4D6BB282648BE77007D4784 /* LaunchScreen.storyboard */; };
		F4D6BB352648BE77007D4784 /* AlertTests.swift in Sources */ = {isa = PBXBuildFile; fileRef = F4D6BB342648BE77007D4784 /* AlertTests.swift */; };
		F4D6BB402648BE77007D4784 /* AlertUITests.swift in Sources */ = {isa = PBXBuildFile; fileRef = F4D6BB3F2648BE77007D4784 /* AlertUITests.swift */; };
/* End PBXBuildFile section */

/* Begin PBXContainerItemProxy section */
		F4D6BB312648BE77007D4784 /* PBXContainerItemProxy */ = {
			isa = PBXContainerItemProxy;
			containerPortal = F4D6BB122648BE76007D4784 /* Project object */;
			proxyType = 1;
			remoteGlobalIDString = F4D6BB192648BE76007D4784;
			remoteInfo = Alert;
		};
		F4D6BB3C2648BE77007D4784 /* PBXContainerItemProxy */ = {
			isa = PBXContainerItemProxy;
			containerPortal = F4D6BB122648BE76007D4784 /* Project object */;
			proxyType = 1;
			remoteGlobalIDString = F4D6BB192648BE76007D4784;
			remoteInfo = Alert;
		};
/* End PBXContainerItemProxy section */

/* Begin PBXFileReference section */
		F4D6BB1A2648BE76007D4784 /* Alert.app */ = {isa = PBXFileReference; explicitFileType = wrapper.application; includeInIndex = 0; path = Alert.app; sourceTree = BUILT_PRODUCTS_DIR; };
		F4D6BB1D2648BE76007D4784 /* AppDelegate.swift */ = {isa = PBXFileReference; lastKnownFileType = sourcecode.swift; path = AppDelegate.swift; sourceTree = "<group>"; };
		F4D6BB1F2648BE76007D4784 /* SceneDelegate.swift */ = {isa = PBXFileReference; lastKnownFileType = sourcecode.swift; path = SceneDelegate.swift; sourceTree = "<group>"; };
		F4D6BB212648BE76007D4784 /* ViewController.swift */ = {isa = PBXFileReference; lastKnownFileType = sourcecode.swift; path = ViewController.swift; sourceTree = "<group>"; };
		F4D6BB242648BE76007D4784 /* Base */ = {isa = PBXFileReference; lastKnownFileType = file.storyboard; name = Base; path = Base.lproj/Main.storyboard; sourceTree = "<group>"; };
		F4D6BB262648BE77007D4784 /* Assets.xcassets */ = {isa = PBXFileReference; lastKnownFileType = folder.assetcatalog; path = Assets.xcassets; sourceTree = "<group>"; };
		F4D6BB292648BE77007D4784 /* Base */ = {isa = PBXFileReference; lastKnownFileType = file.storyboard; name = Base; path = Base.lproj/LaunchScreen.storyboard; sourceTree = "<group>"; };
		F4D6BB2B2648BE77007D4784 /* Info.plist */ = {isa = PBXFileReference; lastKnownFileType = text.plist.xml; path = Info.plist; sourceTree = "<group>"; };
		F4D6BB302648BE77007D4784 /* AlertTests.xctest */ = {isa = PBXFileReference; explicitFileType = wrapper.cfbundle; includeInIndex = 0; path = AlertTests.xctest; sourceTree = BUILT_PRODUCTS_DIR; };
		F4D6BB342648BE77007D4784 /* AlertTests.swift */ = {isa = PBXFileReference; lastKnownFileType = sourcecode.swift; path = AlertTests.swift; sourceTree = "<group>"; };
		F4D6BB362648BE77007D4784 /* Info.plist */ = {isa = PBXFileReference; lastKnownFileType = text.plist.xml; path = Info.plist; sourceTree = "<group>"; };
		F4D6BB3B2648BE77007D4784 /* AlertUITests.xctest */ = {isa = PBXFileReference; explicitFileType = wrapper.cfbundle; includeInIndex = 0; path = AlertUITests.xctest; sourceTree = BUILT_PRODUCTS_DIR; };
		F4D6BB3F2648BE77007D4784 /* AlertUITests.swift */ = {isa = PBXFileReference; lastKnownFileType = sourcecode.swift; path = AlertUITests.swift; sourceTree = "<group>"; };
		F4D6BB412648BE77007D4784 /* Info.plist */ = {isa = PBXFileReference; lastKnownFileType = text.plist.xml; path = Info.plist; sourceTree = "<group>"; };
/* End PBXFileReference section */

/* Begin PBXFrameworksBuildPhase section */
		F4D6BB172648BE76007D4784 /* Frameworks */ = {
			isa = PBXFrameworksBuildPhase;
			buildActionMask = 2147483647;
			files = (
			);
			runOnlyForDeploymentPostprocessing = 0;
		};
		F4D6BB2D2648BE77007D4784 /* Frameworks */ = {
			isa = PBXFrameworksBuildPhase;
			buildActionMask = 2147483647;
			files = (
			);
			runOnlyForDeploymentPostprocessing = 0;
		};
		F4D6BB382648BE77007D4784 /* Frameworks */ = {
			isa = PBXFrameworksBuildPhase;
			buildActionMask = 2147483647;
			files = (
			);
			runOnlyForDeploymentPostprocessing = 0;
		};
/* End PBXFrameworksBuildPhase section */

/* Begin PBXGroup section */
		F4D6BB112648BE76007D4784 = {
			isa = PBXGroup;
			children = (
				F4D6BB1C2648BE76007D4784 /* Alert */,
				F4D6BB332648BE77007D4784 /* AlertTests */,
				F4D6BB3E2648BE77007D4784 /* AlertUITests */,
				F4D6BB1B2648BE76007D4784 /* Products */,
			);
			sourceTree = "<group>";
		};
		F4D6BB1B2648BE76007D4784 /* Products */ = {
			isa = PBXGroup;
			children = (
				F4D6BB1A2648BE76007D4784 /* Alert.app */,
				F4D6BB302648BE77007D4784 /* AlertTests.xctest */,
				F4D6BB3B2648BE77007D4784 /* AlertUITests.xctest */,
			);
			name = Products;
			sourceTree = "<group>";
		};
		F4D6BB1C2648BE76007D4784 /* Alert */ = {
			isa = PBXGroup;
			children = (
				F4D6BB1D2648BE76007D4784 /* AppDelegate.swift */,
				F4D6BB1F2648BE76007D4784 /* SceneDelegate.swift */,
				F4D6BB212648BE76007D4784 /* ViewController.swift */,
				F4D6BB232648BE76007D4784 /* Main.storyboard */,
				F4D6BB262648BE77007D4784 /* Assets.xcassets */,
				F4D6BB282648BE77007D4784 /* LaunchScreen.storyboard */,
				F4D6BB2B2648BE77007D4784 /* Info.plist */,
			);
			path = Alert;
			sourceTree = "<group>";
		};
		F4D6BB332648BE77007D4784 /* AlertTests */ = {
			isa = PBXGroup;
			children = (
				F4D6BB342648BE77007D4784 /* AlertTests.swift */,
				F4D6BB362648BE77007D4784 /* Info.plist */,
			);
			path = AlertTests;
			sourceTree = "<group>";
		};
		F4D6BB3E2648BE77007D4784 /* AlertUITests */ = {
			isa = PBXGroup;
			children = (
				F4D6BB3F2648BE77007D4784 /* AlertUITests.swift */,
				F4D6BB412648BE77007D4784 /* Info.plist */,
			);
			path = AlertUITests;
			sourceTree = "<group>";
		};
/* End PBXGroup section */

/* Begin PBXNativeTarget section */
		F4D6BB192648BE76007D4784 /* Alert */ = {
			isa = PBXNativeTarget;
			buildConfigurationList = F4D6BB442648BE77007D4784 /* Build configuration list for PBXNativeTarget "Alert" */;
			buildPhases = (
				F4D6BB162648BE76007D4784 /* Sources */,
				F4D6BB172648BE76007D4784 /* Frameworks */,
				F4D6BB182648BE76007D4784 /* Resources */,
			);
			buildRules = (
			);
			dependencies = (
			);
			name = Alert;
			productName = Alert;
			productReference = F4D6BB1A2648BE76007D4784 /* Alert.app */;
			productType = "com.apple.product-type.application";
		};
		F4D6BB2F2648BE77007D4784 /* AlertTests */ = {
			isa = PBXNativeTarget;
			buildConfigurationList = F4D6BB472648BE77007D4784 /* Build configuration list for PBXNativeTarget "AlertTests" */;
			buildPhases = (
				F4D6BB2C2648BE77007D4784 /* Sources */,
				F4D6BB2D2648BE77007D4784 /* Frameworks */,
				F4D6BB2E2648BE77007D4784 /* Resources */,
			);
			buildRules = (
			);
			dependencies = (
				F4D6BB322648BE77007D4784 /* PBXTargetDependency */,
			);
			name = AlertTests;
			productName = AlertTests;
			productReference = F4D6BB302648BE77007D4784 /* AlertTests.xctest */;
			productType = "com.apple.product-type.bundle.unit-test";
		};
		F4D6BB3A2648BE77007D4784 /* AlertUITests */ = {
			isa = PBXNativeTarget;
			buildConfigurationList = F4D6BB4A2648BE77007D4784 /* Build configuration list for PBXNativeTarget "AlertUITests" */;
			buildPhases = (
				F4D6BB372648BE77007D4784 /* Sources */,
				F4D6BB382648BE77007D4784 /* Frameworks */,
				F4D6BB392648BE77007D4784 /* Resources */,
			);
			buildRules = (
			);
			dependencies = (
				F4D6BB3D2648BE77007D4784 /* PBXTargetDependency */,
			);
			name = AlertUITests;
			productName = AlertUITests;
			productReference = F4D6BB3B2648BE77007D4784 /* AlertUITests.xctest */;
			productType = "com.apple.product-type.bundle.ui-testing";
		};
/* End PBXNativeTarget section */

/* Begin PBXProject section */
		F4D6BB122648BE76007D4784 /* Project object */ = {
			isa = PBXProject;
			attributes = {
				LastSwiftUpdateCheck = 1250;
				LastUpgradeCheck = 1250;
				TargetAttributes = {
					F4D6BB192648BE76007D4784 = {
						CreatedOnToolsVersion = 12.5;
					};
					F4D6BB2F2648BE77007D4784 = {
						CreatedOnToolsVersion = 12.5;
						TestTargetID = F4D6BB192648BE76007D4784;
					};
					F4D6BB3A2648BE77007D4784 = {
						CreatedOnToolsVersion = 12.5;
						TestTargetID = F4D6BB192648BE76007D4784;
					};
				};
			};
			buildConfigurationList = F4D6BB152648BE76007D4784 /* Build configuration list for PBXProject "Alert" */;
			compatibilityVersion = "Xcode 9.3";
			developmentRegion = en;
			hasScannedForEncodings = 0;
			knownRegions = (
				en,
				Base,
			);
			mainGroup = F4D6BB112648BE76007D4784;
			productRefGroup = F4D6BB1B2648BE76007D4784 /* Products */;
			projectDirPath = "";
			projectRoot = "";
			targets = (
				F4D6BB192648BE76007D4784 /* Alert */,
				F4D6BB2F2648BE77007D4784 /* AlertTests */,
				F4D6BB3A2648BE77007D4784 /* AlertUITests */,
			);
		};
/* End PBXProject section */

/* Begin PBXResourcesBuildPhase section */
		F4D6BB182648BE76007D4784 /* Resources */ = {
			isa = PBXResourcesBuildPhase;
			buildActionMask = 2147483647;
			files = (
				F4D6BB2A2648BE77007D4784 /* LaunchScreen.storyboard in Resources */,
				F4D6BB272648BE77007D4784 /* Assets.xcassets in Resources */,
				F4D6BB252648BE76007D4784 /* Main.storyboard in Resources */,
			);
			runOnlyForDeploymentPostprocessing = 0;
		};
		F4D6BB2E2648BE77007D4784 /* Resources */ = {
			isa = PBXResourcesBuildPhase;
			buildActionMask = 2147483647;
			files = (
			);
			runOnlyForDeploymentPostprocessing = 0;
		};
		F4D6BB392648BE77007D4784 /* Resources */ = {
			isa = PBXResourcesBuildPhase;
			buildActionMask = 2147483647;
			files = (
			);
			runOnlyForDeploymentPostprocessing = 0;
		};
/* End PBXResourcesBuildPhase section */

/* Begin PBXSourcesBuildPhase section */
		F4D6BB162648BE76007D4784 /* Sources */ = {
			isa = PBXSourcesBuildPhase;
			buildActionMask = 2147483647;
			files = (
				F4D6BB222648BE76007D4784 /* ViewController.swift in Sources */,
				F4D6BB1E2648BE76007D4784 /* AppDelegate.swift in Sources */,
				F4D6BB202648BE76007D4784 /* SceneDelegate.swift in Sources */,
			);
			runOnlyForDeploymentPostprocessing = 0;
		};
		F4D6BB2C2648BE77007D4784 /* Sources */ = {
			isa = PBXSourcesBuildPhase;
			buildActionMask = 2147483647;
			files = (
				F4D6BB352648BE77007D4784 /* AlertTests.swift in Sources */,
			);
			runOnlyForDeploymentPostprocessing = 0;
		};
		F4D6BB372648BE77007D4784 /* Sources */ = {
			isa = PBXSourcesBuildPhase;
			buildActionMask = 2147483647;
			files = (
				F4D6BB402648BE77007D4784 /* AlertUITests.swift in Sources */,
			);
			runOnlyForDeploymentPostprocessing = 0;
		};
/* End PBXSourcesBuildPhase section */

/* Begin PBXTargetDependency section */
		F4D6BB322648BE77007D4784 /* PBXTargetDependency */ = {
			isa = PBXTargetDependency;
			target = F4D6BB192648BE76007D4784 /* Alert */;
			targetProxy = F4D6BB312648BE77007D4784 /* PBXContainerItemProxy */;
		};
		F4D6BB3D2648BE77007D4784 /* PBXTargetDependency */ = {
			isa = PBXTargetDependency;
			target = F4D6BB192648BE76007D4784 /* Alert */;
			targetProxy = F4D6BB3C2648BE77007D4784 /* PBXContainerItemProxy */;
		};
/* End PBXTargetDependency section */

/* Begin PBXVariantGroup section */
		F4D6BB232648BE76007D4784 /* Main.storyboard */ = {
			isa = PBXVariantGroup;
			children = (
				F4D6BB242648BE76007D4784 /* Base */,
			);
			name = Main.storyboard;
			sourceTree = "<group>";
		};
		F4D6BB282648BE77007D4784 /* LaunchScreen.storyboard */ = {
			isa = PBXVariantGroup;
			children = (
				F4D6BB292648BE77007D4784 /* Base */,
			);
			name = LaunchScreen.storyboard;
			sourceTree = "<group>";
		};
/* End PBXVariantGroup section */

/* Begin XCBuildConfiguration section */
		F4D6BB422648BE77007D4784 /* Debug */ = {
			isa = XCBuildConfiguration;
			buildSettings = {
				ALWAYS_SEARCH_USER_PATHS = NO;
				CLANG_ANALYZER_NONNULL = YES;
				CLANG_ANALYZER_NUMBER_OBJECT_CONVERSION = YES_AGGRESSIVE;
				CLANG_CXX_LANGUAGE_STANDARD = "gnu++14";
				CLANG_CXX_LIBRARY = "libc++";
				CLANG_ENABLE_MODULES = YES;
				CLANG_ENABLE_OBJC_ARC = YES;
				CLANG_ENABLE_OBJC_WEAK = YES;
				CLANG_WARN_BLOCK_CAPTURE_AUTORELEASING = YES;
				CLANG_WARN_BOOL_CONVERSION = YES;
				CLANG_WARN_COMMA = YES;
				CLANG_WARN_CONSTANT_CONVERSION = YES;
				CLANG_WARN_DEPRECATED_OBJC_IMPLEMENTATIONS = YES;
				CLANG_WARN_DIRECT_OBJC_ISA_USAGE = YES_ERROR;
				CLANG_WARN_DOCUMENTATION_COMMENTS = YES;
				CLANG_WARN_EMPTY_BODY = YES;
				CLANG_WARN_ENUM_CONVERSION = YES;
				CLANG_WARN_INFINITE_RECURSION = YES;
				CLANG_WARN_INT_CONVERSION = YES;
				CLANG_WARN_NON_LITERAL_NULL_CONVERSION = YES;
				CLANG_WARN_OBJC_IMPLICIT_RETAIN_SELF = YES;
				CLANG_WARN_OBJC_LITERAL_CONVERSION = YES;
				CLANG_WARN_OBJC_ROOT_CLASS = YES_ERROR;
				CLANG_WARN_QUOTED_INCLUDE_IN_FRAMEWORK_HEADER = YES;
				CLANG_WARN_RANGE_LOOP_ANALYSIS = YES;
				CLANG_WARN_STRICT_PROTOTYPES = YES;
				CLANG_WARN_SUSPICIOUS_MOVE = YES;
				CLANG_WARN_UNGUARDED_AVAILABILITY = YES_AGGRESSIVE;
				CLANG_WARN_UNREACHABLE_CODE = YES;
				CLANG_WARN__DUPLICATE_METHOD_MATCH = YES;
				COPY_PHASE_STRIP = NO;
				DEBUG_INFORMATION_FORMAT = dwarf;
				ENABLE_STRICT_OBJC_MSGSEND = YES;
				ENABLE_TESTABILITY = YES;
				GCC_C_LANGUAGE_STANDARD = gnu11;
				GCC_DYNAMIC_NO_PIC = NO;
				GCC_NO_COMMON_BLOCKS = YES;
				GCC_OPTIMIZATION_LEVEL = 0;
				GCC_PREPROCESSOR_DEFINITIONS = (
					"DEBUG=1",
					"$(inherited)",
				);
				GCC_WARN_64_TO_32_BIT_CONVERSION = YES;
				GCC_WARN_ABOUT_RETURN_TYPE = YES_ERROR;
				GCC_WARN_UNDECLARED_SELECTOR = YES;
				GCC_WARN_UNINITIALIZED_AUTOS = YES_AGGRESSIVE;
				GCC_WARN_UNUSED_FUNCTION = YES;
				GCC_WARN_UNUSED_VARIABLE = YES;
				IPHONEOS_DEPLOYMENT_TARGET = 14.5;
				MTL_ENABLE_DEBUG_INFO = INCLUDE_SOURCE;
				MTL_FAST_MATH = YES;
				ONLY_ACTIVE_ARCH = YES;
				SDKROOT = iphoneos;
				SWIFT_ACTIVE_COMPILATION_CONDITIONS = DEBUG;
				SWIFT_OPTIMIZATION_LEVEL = "-Onone";
			};
			name = Debug;
		};
		F4D6BB432648BE77007D4784 /* Release */ = {
			isa = XCBuildConfiguration;
			buildSettings = {
				ALWAYS_SEARCH_USER_PATHS = NO;
				CLANG_ANALYZER_NONNULL = YES;
				CLANG_ANALYZER_NUMBER_OBJECT_CONVERSION = YES_AGGRESSIVE;
				CLANG_CXX_LANGUAGE_STANDARD = "gnu++14";
				CLANG_CXX_LIBRARY = "libc++";
				CLANG_ENABLE_MODULES = YES;
				CLANG_ENABLE_OBJC_ARC = YES;
				CLANG_ENABLE_OBJC_WEAK = YES;
				CLANG_WARN_BLOCK_CAPTURE_AUTORELEASING = YES;
				CLANG_WARN_BOOL_CONVERSION = YES;
				CLANG_WARN_COMMA = YES;
				CLANG_WARN_CONSTANT_CONVERSION = YES;
				CLANG_WARN_DEPRECATED_OBJC_IMPLEMENTATIONS = YES;
				CLANG_WARN_DIRECT_OBJC_ISA_USAGE = YES_ERROR;
				CLANG_WARN_DOCUMENTATION_COMMENTS = YES;
				CLANG_WARN_EMPTY_BODY = YES;
				CLANG_WARN_ENUM_CONVERSION = YES;
				CLANG_WARN_INFINITE_RECURSION = YES;
				CLANG_WARN_INT_CONVERSION = YES;
				CLANG_WARN_NON_LITERAL_NULL_CONVERSION = YES;
				CLANG_WARN_OBJC_IMPLICIT_RETAIN_SELF = YES;
				CLANG_WARN_OBJC_LITERAL_CONVERSION = YES;
				CLANG_WARN_OBJC_ROOT_CLASS = YES_ERROR;
				CLANG_WARN_QUOTED_INCLUDE_IN_FRAMEWORK_HEADER = YES;
				CLANG_WARN_RANGE_LOOP_ANALYSIS = YES;
				CLANG_WARN_STRICT_PROTOTYPES = YES;
				CLANG_WARN_SUSPICIOUS_MOVE = YES;
				CLANG_WARN_UNGUARDED_AVAILABILITY = YES_AGGRESSIVE;
				CLANG_WARN_UNREACHABLE_CODE = YES;
				CLANG_WARN__DUPLICATE_METHOD_MATCH = YES;
				COPY_PHASE_STRIP = NO;
				DEBUG_INFORMATION_FORMAT = "dwarf-with-dsym";
				ENABLE_NS_ASSERTIONS = NO;
				ENABLE_STRICT_OBJC_MSGSEND = YES;
				GCC_C_LANGUAGE_STANDARD = gnu11;
				GCC_NO_COMMON_BLOCKS = YES;
				GCC_WARN_64_TO_32_BIT_CONVERSION = YES;
				GCC_WARN_ABOUT_RETURN_TYPE = YES_ERROR;
				GCC_WARN_UNDECLARED_SELECTOR = YES;
				GCC_WARN_UNINITIALIZED_AUTOS = YES_AGGRESSIVE;
				GCC_WARN_UNUSED_FUNCTION = YES;
				GCC_WARN_UNUSED_VARIABLE = YES;
				IPHONEOS_DEPLOYMENT_TARGET = 14.5;
				MTL_ENABLE_DEBUG_INFO = NO;
				MTL_FAST_MATH = YES;
				SDKROOT = iphoneos;
				SWIFT_COMPILATION_MODE = wholemodule;
				SWIFT_OPTIMIZATION_LEVEL = "-O";
				VALIDATE_PRODUCT = YES;
			};
			name = Release;
		};
		F4D6BB452648BE77007D4784 /* Debug */ = {
			isa = XCBuildConfiguration;
			buildSettings = {
				ASSETCATALOG_COMPILER_APPICON_NAME = AppIcon;
				ASSETCATALOG_COMPILER_GLOBAL_ACCENT_COLOR_NAME = AccentColor;
				CODE_SIGN_STYLE = Automatic;
				INFOPLIST_FILE = Alert/Info.plist;
				LD_RUNPATH_SEARCH_PATHS = (
					"$(inherited)",
					"@executable_path/Frameworks",
				);
				PRODUCT_BUNDLE_IDENTIFIER = net.macnpc.Alert;
				PRODUCT_NAME = "$(TARGET_NAME)";
				SWIFT_VERSION = 5.0;
				TARGETED_DEVICE_FAMILY = "1,2";
			};
			name = Debug;
		};
		F4D6BB462648BE77007D4784 /* Release */ = {
			isa = XCBuildConfiguration;
			buildSettings = {
				ASSETCATALOG_COMPILER_APPICON_NAME = AppIcon;
				ASSETCATALOG_COMPILER_GLOBAL_ACCENT_COLOR_NAME = AccentColor;
				CODE_SIGN_STYLE = Automatic;
				INFOPLIST_FILE = Alert/Info.plist;
				LD_RUNPATH_SEARCH_PATHS = (
					"$(inherited)",
					"@executable_path/Frameworks",
				);
				PRODUCT_BUNDLE_IDENTIFIER = net.macnpc.Alert;
				PRODUCT_NAME = "$(TARGET_NAME)";
				SWIFT_VERSION = 5.0;
				TARGETED_DEVICE_FAMILY = "1,2";
			};
			name = Release;
		};
		F4D6BB482648BE77007D4784 /* Debug */ = {
			isa = XCBuildConfiguration;
			buildSettings = {
				ALWAYS_EMBED_SWIFT_STANDARD_LIBRARIES = YES;
				BUNDLE_LOADER = "$(TEST_HOST)";
				CODE_SIGN_STYLE = Automatic;
				INFOPLIST_FILE = AlertTests/Info.plist;
				IPHONEOS_DEPLOYMENT_TARGET = 14.5;
				LD_RUNPATH_SEARCH_PATHS = (
					"$(inherited)",
					"@executable_path/Frameworks",
					"@loader_path/Frameworks",
				);
				PRODUCT_BUNDLE_IDENTIFIER = net.macnpc.AlertTests;
				PRODUCT_NAME = "$(TARGET_NAME)";
				SWIFT_VERSION = 5.0;
				TARGETED_DEVICE_FAMILY = "1,2";
				TEST_HOST = "$(BUILT_PRODUCTS_DIR)/Alert.app/Alert";
			};
			name = Debug;
		};
		F4D6BB492648BE77007D4784 /* Release */ = {
			isa = XCBuildConfiguration;
			buildSettings = {
				ALWAYS_EMBED_SWIFT_STANDARD_LIBRARIES = YES;
				BUNDLE_LOADER = "$(TEST_HOST)";
				CODE_SIGN_STYLE = Automatic;
				INFOPLIST_FILE = AlertTests/Info.plist;
				IPHONEOS_DEPLOYMENT_TARGET = 14.5;
				LD_RUNPATH_SEARCH_PATHS = (
					"$(inherited)",
					"@executable_path/Frameworks",
					"@loader_path/Frameworks",
				);
				PRODUCT_BUNDLE_IDENTIFIER = net.macnpc.AlertTests;
				PRODUCT_NAME = "$(TARGET_NAME)";
				SWIFT_VERSION = 5.0;
				TARGETED_DEVICE_FAMILY = "1,2";
				TEST_HOST = "$(BUILT_PRODUCTS_DIR)/Alert.app/Alert";
			};
			name = Release;
		};
		F4D6BB4B2648BE77007D4784 /* Debug */ = {
			isa = XCBuildConfiguration;
			buildSettings = {
				ALWAYS_EMBED_SWIFT_STANDARD_LIBRARIES = YES;
				CODE_SIGN_STYLE = Automatic;
				INFOPLIST_FILE = AlertUITests/Info.plist;
				LD_RUNPATH_SEARCH_PATHS = (
					"$(inherited)",
					"@executable_path/Frameworks",
					"@loader_path/Frameworks",
				);
				PRODUCT_BUNDLE_IDENTIFIER = net.macnpc.AlertUITests;
				PRODUCT_NAME = "$(TARGET_NAME)";
				SWIFT_VERSION = 5.0;
				TARGETED_DEVICE_FAMILY = "1,2";
				TEST_TARGET_NAME = Alert;
			};
			name = Debug;
		};
		F4D6BB4C2648BE77007D4784 /* Release */ = {
			isa = XCBuildConfiguration;
			buildSettings = {
				ALWAYS_EMBED_SWIFT_STANDARD_LIBRARIES = YES;
				CODE_SIGN_STYLE = Automatic;
				INFOPLIST_FILE = AlertUITests/Info.plist;
				LD_RUNPATH_SEARCH_PATHS = (
					"$(inherited)",
					"@executable_path/Frameworks",
					"@loader_path/Frameworks",
				);
				PRODUCT_BUNDLE_IDENTIFIER = net.macnpc.AlertUITests;
				PRODUCT_NAME = "$(TARGET_NAME)";
				SWIFT_VERSION = 5.0;
				TARGETED_DEVICE_FAMILY = "1,2";
				TEST_TARGET_NAME = Alert;
			};
			name = Release;
		};
/* End XCBuildConfiguration section */

/* Begin XCConfigurationList section */
		F4D6BB152648BE76007D4784 /* Build configuration list for PBXProject "Alert" */ = {
			isa = XCConfigurationList;
			buildConfigurations = (
				F4D6BB422648BE77007D4784 /* Debug */,
				F4D6BB432648BE77007D4784 /* Release */,
			);
			defaultConfigurationIsVisible = 0;
			defaultConfigurationName = Release;
		};
		F4D6BB442648BE77007D4784 /* Build configuration list for PBXNativeTarget "Alert" */ = {
			isa = XCConfigurationList;
			buildConfigurations = (
				F4D6BB452648BE77007D4784 /* Debug */,
				F4D6BB462648BE77007D4784 /* Release */,
			);
			defaultConfigurationIsVisible = 0;
			defaultConfigurationName = Release;
		};
		F4D6BB472648BE77007D4784 /* Build configuration list for PBXNativeTarget "AlertTests" */ = {
			isa = XCConfigurationList;
			buildConfigurations = (
				F4D6BB482648BE77007D4784 /* Debug */,
				F4D6BB492648BE77007D4784 /* Release */,
			);
			defaultConfigurationIsVisible = 0;
			defaultConfigurationName = Release;
		};
		F4D6BB4A2648BE77007D4784 /* Build configuration list for PBXNativeTarget "AlertUITests" */ = {
			isa = XCConfigurationList;
			buildConfigurations = (
				F4D6BB4B2648BE77007D4784 /* Debug */,
				F4D6BB4C2648BE77007D4784 /* Release */,
			);
			defaultConfigurationIsVisible = 0;
			defaultConfigurationName = Release;
		};
/* End XCConfigurationList section */
	};
	rootObject = F4D6BB122648BE76007D4784 /* Project object */;
}
