// !$*UTF8*$!
{
	archiveVersion = 1;
	classes = {
	};
	objectVersion = 50;
	objects = {

/* Begin PBXBuildFile section */
		F4BC01DD2623CAA100F7E4A8 /* AppDelegate.swift in Sources */ = {isa = PBXBuildFile; fileRef = F4BC01DC2623CAA100F7E4A8 /* AppDelegate.swift */; };
		F4BC01DF2623CAA100F7E4A8 /* SceneDelegate.swift in Sources */ = {isa = PBXBuildFile; fileRef = F4BC01DE2623CAA100F7E4A8 /* SceneDelegate.swift */; };
		F4BC01E12623CAA100F7E4A8 /* ViewController.swift in Sources */ = {isa = PBXBuildFile; fileRef = F4BC01E02623CAA100F7E4A8 /* ViewController.swift */; };
		F4BC01E42623CAA100F7E4A8 /* Main.storyboard in Resources */ = {isa = PBXBuildFile; fileRef = F4BC01E22623CAA100F7E4A8 /* Main.storyboard */; };
		F4BC01E62623CAA300F7E4A8 /* Assets.xcassets in Resources */ = {isa = PBXBuildFile; fileRef = F4BC01E52623CAA300F7E4A8 /* Assets.xcassets */; };
		F4BC01E92623CAA300F7E4A8 /* LaunchScreen.storyboard in Resources */ = {isa = PBXBuildFile; fileRef = F4BC01E72623CAA300F7E4A8 /* LaunchScreen.storyboard */; };
		F4BC01F42623CAA300F7E4A8 /* MusicPlayerTests.swift in Sources */ = {isa = PBXBuildFile; fileRef = F4BC01F32623CAA300F7E4A8 /* MusicPlayerTests.swift */; };
		F4BC01FF2623CAA300F7E4A8 /* MusicPlayerUITests.swift in Sources */ = {isa = PBXBuildFile; fileRef = F4BC01FE2623CAA300F7E4A8 /* MusicPlayerUITests.swift */; };
/* End PBXBuildFile section */

/* Begin PBXContainerItemProxy section */
		F4BC01F02623CAA300F7E4A8 /* PBXContainerItemProxy */ = {
			isa = PBXContainerItemProxy;
			containerPortal = F4BC01D12623CAA100F7E4A8 /* Project object */;
			proxyType = 1;
			remoteGlobalIDString = F4BC01D82623CAA100F7E4A8;
			remoteInfo = MusicPlayer;
		};
		F4BC01FB2623CAA300F7E4A8 /* PBXContainerItemProxy */ = {
			isa = PBXContainerItemProxy;
			containerPortal = F4BC01D12623CAA100F7E4A8 /* Project object */;
			proxyType = 1;
			remoteGlobalIDString = F4BC01D82623CAA100F7E4A8;
			remoteInfo = MusicPlayer;
		};
/* End PBXContainerItemProxy section */

/* Begin PBXFileReference section */
		F4BC01D92623CAA100F7E4A8 /* MusicPlayer.app */ = {isa = PBXFileReference; explicitFileType = wrapper.application; includeInIndex = 0; path = MusicPlayer.app; sourceTree = BUILT_PRODUCTS_DIR; };
		F4BC01DC2623CAA100F7E4A8 /* AppDelegate.swift */ = {isa = PBXFileReference; lastKnownFileType = sourcecode.swift; path = AppDelegate.swift; sourceTree = "<group>"; };
		F4BC01DE2623CAA100F7E4A8 /* SceneDelegate.swift */ = {isa = PBXFileReference; lastKnownFileType = sourcecode.swift; path = SceneDelegate.swift; sourceTree = "<group>"; };
		F4BC01E02623CAA100F7E4A8 /* ViewController.swift */ = {isa = PBXFileReference; lastKnownFileType = sourcecode.swift; path = ViewController.swift; sourceTree = "<group>"; };
		F4BC01E32623CAA100F7E4A8 /* Base */ = {isa = PBXFileReference; lastKnownFileType = file.storyboard; name = Base; path = Base.lproj/Main.storyboard; sourceTree = "<group>"; };
		F4BC01E52623CAA300F7E4A8 /* Assets.xcassets */ = {isa = PBXFileReference; lastKnownFileType = folder.assetcatalog; path = Assets.xcassets; sourceTree = "<group>"; };
		F4BC01E82623CAA300F7E4A8 /* Base */ = {isa = PBXFileReference; lastKnownFileType = file.storyboard; name = Base; path = Base.lproj/LaunchScreen.storyboard; sourceTree = "<group>"; };
		F4BC01EA2623CAA300F7E4A8 /* Info.plist */ = {isa = PBXFileReference; lastKnownFileType = text.plist.xml; path = Info.plist; sourceTree = "<group>"; };
		F4BC01EF2623CAA300F7E4A8 /* MusicPlayerTests.xctest */ = {isa = PBXFileReference; explicitFileType = wrapper.cfbundle; includeInIndex = 0; path = MusicPlayerTests.xctest; sourceTree = BUILT_PRODUCTS_DIR; };
		F4BC01F32623CAA300F7E4A8 /* MusicPlayerTests.swift */ = {isa = PBXFileReference; lastKnownFileType = sourcecode.swift; path = MusicPlayerTests.swift; sourceTree = "<group>"; };
		F4BC01F52623CAA300F7E4A8 /* Info.plist */ = {isa = PBXFileReference; lastKnownFileType = text.plist.xml; path = Info.plist; sourceTree = "<group>"; };
		F4BC01FA2623CAA300F7E4A8 /* MusicPlayerUITests.xctest */ = {isa = PBXFileReference; explicitFileType = wrapper.cfbundle; includeInIndex = 0; path = MusicPlayerUITests.xctest; sourceTree = BUILT_PRODUCTS_DIR; };
		F4BC01FE2623CAA300F7E4A8 /* MusicPlayerUITests.swift */ = {isa = PBXFileReference; lastKnownFileType = sourcecode.swift; path = MusicPlayerUITests.swift; sourceTree = "<group>"; };
		F4BC02002623CAA300F7E4A8 /* Info.plist */ = {isa = PBXFileReference; lastKnownFileType = text.plist.xml; path = Info.plist; sourceTree = "<group>"; };
/* End PBXFileReference section */

/* Begin PBXFrameworksBuildPhase section */
		F4BC01D62623CAA100F7E4A8 /* Frameworks */ = {
			isa = PBXFrameworksBuildPhase;
			buildActionMask = 2147483647;
			files = (
			);
			runOnlyForDeploymentPostprocessing = 0;
		};
		F4BC01EC2623CAA300F7E4A8 /* Frameworks */ = {
			isa = PBXFrameworksBuildPhase;
			buildActionMask = 2147483647;
			files = (
			);
			runOnlyForDeploymentPostprocessing = 0;
		};
		F4BC01F72623CAA300F7E4A8 /* Frameworks */ = {
			isa = PBXFrameworksBuildPhase;
			buildActionMask = 2147483647;
			files = (
			);
			runOnlyForDeploymentPostprocessing = 0;
		};
/* End PBXFrameworksBuildPhase section */

/* Begin PBXGroup section */
		F4BC01D02623CAA100F7E4A8 = {
			isa = PBXGroup;
			children = (
				F4BC01DB2623CAA100F7E4A8 /* MusicPlayer */,
				F4BC01F22623CAA300F7E4A8 /* MusicPlayerTests */,
				F4BC01FD2623CAA300F7E4A8 /* MusicPlayerUITests */,
				F4BC01DA2623CAA100F7E4A8 /* Products */,
			);
			sourceTree = "<group>";
		};
		F4BC01DA2623CAA100F7E4A8 /* Products */ = {
			isa = PBXGroup;
			children = (
				F4BC01D92623CAA100F7E4A8 /* MusicPlayer.app */,
				F4BC01EF2623CAA300F7E4A8 /* MusicPlayerTests.xctest */,
				F4BC01FA2623CAA300F7E4A8 /* MusicPlayerUITests.xctest */,
			);
			name = Products;
			sourceTree = "<group>";
		};
		F4BC01DB2623CAA100F7E4A8 /* MusicPlayer */ = {
			isa = PBXGroup;
			children = (
				F4BC01DC2623CAA100F7E4A8 /* AppDelegate.swift */,
				F4BC01DE2623CAA100F7E4A8 /* SceneDelegate.swift */,
				F4BC01E02623CAA100F7E4A8 /* ViewController.swift */,
				F4BC01E22623CAA100F7E4A8 /* Main.storyboard */,
				F4BC01E52623CAA300F7E4A8 /* Assets.xcassets */,
				F4BC01E72623CAA300F7E4A8 /* LaunchScreen.storyboard */,
				F4BC01EA2623CAA300F7E4A8 /* Info.plist */,
			);
			path = MusicPlayer;
			sourceTree = "<group>";
		};
		F4BC01F22623CAA300F7E4A8 /* MusicPlayerTests */ = {
			isa = PBXGroup;
			children = (
				F4BC01F32623CAA300F7E4A8 /* MusicPlayerTests.swift */,
				F4BC01F52623CAA300F7E4A8 /* Info.plist */,
			);
			path = MusicPlayerTests;
			sourceTree = "<group>";
		};
		F4BC01FD2623CAA300F7E4A8 /* MusicPlayerUITests */ = {
			isa = PBXGroup;
			children = (
				F4BC01FE2623CAA300F7E4A8 /* MusicPlayerUITests.swift */,
				F4BC02002623CAA300F7E4A8 /* Info.plist */,
			);
			path = MusicPlayerUITests;
			sourceTree = "<group>";
		};
/* End PBXGroup section */

/* Begin PBXNativeTarget section */
		F4BC01D82623CAA100F7E4A8 /* MusicPlayer */ = {
			isa = PBXNativeTarget;
			buildConfigurationList = F4BC02032623CAA300F7E4A8 /* Build configuration list for PBXNativeTarget "MusicPlayer" */;
			buildPhases = (
				F4BC01D52623CAA100F7E4A8 /* Sources */,
				F4BC01D62623CAA100F7E4A8 /* Frameworks */,
				F4BC01D72623CAA100F7E4A8 /* Resources */,
			);
			buildRules = (
			);
			dependencies = (
			);
			name = MusicPlayer;
			productName = MusicPlayer;
			productReference = F4BC01D92623CAA100F7E4A8 /* MusicPlayer.app */;
			productType = "com.apple.product-type.application";
		};
		F4BC01EE2623CAA300F7E4A8 /* MusicPlayerTests */ = {
			isa = PBXNativeTarget;
			buildConfigurationList = F4BC02062623CAA300F7E4A8 /* Build configuration list for PBXNativeTarget "MusicPlayerTests" */;
			buildPhases = (
				F4BC01EB2623CAA300F7E4A8 /* Sources */,
				F4BC01EC2623CAA300F7E4A8 /* Frameworks */,
				F4BC01ED2623CAA300F7E4A8 /* Resources */,
			);
			buildRules = (
			);
			dependencies = (
				F4BC01F12623CAA300F7E4A8 /* PBXTargetDependency */,
			);
			name = MusicPlayerTests;
			productName = MusicPlayerTests;
			productReference = F4BC01EF2623CAA300F7E4A8 /* MusicPlayerTests.xctest */;
			productType = "com.apple.product-type.bundle.unit-test";
		};
		F4BC01F92623CAA300F7E4A8 /* MusicPlayerUITests */ = {
			isa = PBXNativeTarget;
			buildConfigurationList = F4BC02092623CAA300F7E4A8 /* Build configuration list for PBXNativeTarget "MusicPlayerUITests" */;
			buildPhases = (
				F4BC01F62623CAA300F7E4A8 /* Sources */,
				F4BC01F72623CAA300F7E4A8 /* Frameworks */,
				F4BC01F82623CAA300F7E4A8 /* Resources */,
			);
			buildRules = (
			);
			dependencies = (
				F4BC01FC2623CAA300F7E4A8 /* PBXTargetDependency */,
			);
			name = MusicPlayerUITests;
			productName = MusicPlayerUITests;
			productReference = F4BC01FA2623CAA300F7E4A8 /* MusicPlayerUITests.xctest */;
			productType = "com.apple.product-type.bundle.ui-testing";
		};
/* End PBXNativeTarget section */

/* Begin PBXProject section */
		F4BC01D12623CAA100F7E4A8 /* Project object */ = {
			isa = PBXProject;
			attributes = {
				LastSwiftUpdateCheck = 1240;
				LastUpgradeCheck = 1240;
				TargetAttributes = {
					F4BC01D82623CAA100F7E4A8 = {
						CreatedOnToolsVersion = 12.4;
					};
					F4BC01EE2623CAA300F7E4A8 = {
						CreatedOnToolsVersion = 12.4;
						TestTargetID = F4BC01D82623CAA100F7E4A8;
					};
					F4BC01F92623CAA300F7E4A8 = {
						CreatedOnToolsVersion = 12.4;
						TestTargetID = F4BC01D82623CAA100F7E4A8;
					};
				};
			};
			buildConfigurationList = F4BC01D42623CAA100F7E4A8 /* Build configuration list for PBXProject "MusicPlayer" */;
			compatibilityVersion = "Xcode 9.3";
			developmentRegion = en;
			hasScannedForEncodings = 0;
			knownRegions = (
				en,
				Base,
			);
			mainGroup = F4BC01D02623CAA100F7E4A8;
			productRefGroup = F4BC01DA2623CAA100F7E4A8 /* Products */;
			projectDirPath = "";
			projectRoot = "";
			targets = (
				F4BC01D82623CAA100F7E4A8 /* MusicPlayer */,
				F4BC01EE2623CAA300F7E4A8 /* MusicPlayerTests */,
				F4BC01F92623CAA300F7E4A8 /* MusicPlayerUITests */,
			);
		};
/* End PBXProject section */

/* Begin PBXResourcesBuildPhase section */
		F4BC01D72623CAA100F7E4A8 /* Resources */ = {
			isa = PBXResourcesBuildPhase;
			buildActionMask = 2147483647;
			files = (
				F4BC01E92623CAA300F7E4A8 /* LaunchScreen.storyboard in Resources */,
				F4BC01E62623CAA300F7E4A8 /* Assets.xcassets in Resources */,
				F4BC01E42623CAA100F7E4A8 /* Main.storyboard in Resources */,
			);
			runOnlyForDeploymentPostprocessing = 0;
		};
		F4BC01ED2623CAA300F7E4A8 /* Resources */ = {
			isa = PBXResourcesBuildPhase;
			buildActionMask = 2147483647;
			files = (
			);
			runOnlyForDeploymentPostprocessing = 0;
		};
		F4BC01F82623CAA300F7E4A8 /* Resources */ = {
			isa = PBXResourcesBuildPhase;
			buildActionMask = 2147483647;
			files = (
			);
			runOnlyForDeploymentPostprocessing = 0;
		};
/* End PBXResourcesBuildPhase section */

/* Begin PBXSourcesBuildPhase section */
		F4BC01D52623CAA100F7E4A8 /* Sources */ = {
			isa = PBXSourcesBuildPhase;
			buildActionMask = 2147483647;
			files = (
				F4BC01E12623CAA100F7E4A8 /* ViewController.swift in Sources */,
				F4BC01DD2623CAA100F7E4A8 /* AppDelegate.swift in Sources */,
				F4BC01DF2623CAA100F7E4A8 /* SceneDelegate.swift in Sources */,
			);
			runOnlyForDeploymentPostprocessing = 0;
		};
		F4BC01EB2623CAA300F7E4A8 /* Sources */ = {
			isa = PBXSourcesBuildPhase;
			buildActionMask = 2147483647;
			files = (
				F4BC01F42623CAA300F7E4A8 /* MusicPlayerTests.swift in Sources */,
			);
			runOnlyForDeploymentPostprocessing = 0;
		};
		F4BC01F62623CAA300F7E4A8 /* Sources */ = {
			isa = PBXSourcesBuildPhase;
			buildActionMask = 2147483647;
			files = (
				F4BC01FF2623CAA300F7E4A8 /* MusicPlayerUITests.swift in Sources */,
			);
			runOnlyForDeploymentPostprocessing = 0;
		};
/* End PBXSourcesBuildPhase section */

/* Begin PBXTargetDependency section */
		F4BC01F12623CAA300F7E4A8 /* PBXTargetDependency */ = {
			isa = PBXTargetDependency;
			target = F4BC01D82623CAA100F7E4A8 /* MusicPlayer */;
			targetProxy = F4BC01F02623CAA300F7E4A8 /* PBXContainerItemProxy */;
		};
		F4BC01FC2623CAA300F7E4A8 /* PBXTargetDependency */ = {
			isa = PBXTargetDependency;
			target = F4BC01D82623CAA100F7E4A8 /* MusicPlayer */;
			targetProxy = F4BC01FB2623CAA300F7E4A8 /* PBXContainerItemProxy */;
		};
/* End PBXTargetDependency section */

/* Begin PBXVariantGroup section */
		F4BC01E22623CAA100F7E4A8 /* Main.storyboard */ = {
			isa = PBXVariantGroup;
			children = (
				F4BC01E32623CAA100F7E4A8 /* Base */,
			);
			name = Main.storyboard;
			sourceTree = "<group>";
		};
		F4BC01E72623CAA300F7E4A8 /* LaunchScreen.storyboard */ = {
			isa = PBXVariantGroup;
			children = (
				F4BC01E82623CAA300F7E4A8 /* Base */,
			);
			name = LaunchScreen.storyboard;
			sourceTree = "<group>";
		};
/* End PBXVariantGroup section */

/* Begin XCBuildConfiguration section */
		F4BC02012623CAA300F7E4A8 /* Debug */ = {
			isa = XCBuildConfiguration;
			buildSettings = {
				ALWAYS_SEARCH_USER_PATHS = NO;
				CLANG_ANALYZER_NONNULL = YES;
				CLANG_ANALYZER_NUMBER_OBJECT_CONVERSION = YES_AGGRESSIVE;
				CLANG_CXX_LANGUAGE_STANDARD = "gnu++14";
				CLANG_CXX_LIBRARY = "libc++";
				CLANG_ENABLE_MODULES = YES;
				CLANG_ENABLE_OBJC_ARC = YES;
				CLANG_ENABLE_OBJC_WEAK = YES;
				CLANG_WARN_BLOCK_CAPTURE_AUTORELEASING = YES;
				CLANG_WARN_BOOL_CONVERSION = YES;
				CLANG_WARN_COMMA = YES;
				CLANG_WARN_CONSTANT_CONVERSION = YES;
				CLANG_WARN_DEPRECATED_OBJC_IMPLEMENTATIONS = YES;
				CLANG_WARN_DIRECT_OBJC_ISA_USAGE = YES_ERROR;
				CLANG_WARN_DOCUMENTATION_COMMENTS = YES;
				CLANG_WARN_EMPTY_BODY = YES;
				CLANG_WARN_ENUM_CONVERSION = YES;
				CLANG_WARN_INFINITE_RECURSION = YES;
				CLANG_WARN_INT_CONVERSION = YES;
				CLANG_WARN_NON_LITERAL_NULL_CONVERSION = YES;
				CLANG_WARN_OBJC_IMPLICIT_RETAIN_SELF = YES;
				CLANG_WARN_OBJC_LITERAL_CONVERSION = YES;
				CLANG_WARN_OBJC_ROOT_CLASS = YES_ERROR;
				CLANG_WARN_QUOTED_INCLUDE_IN_FRAMEWORK_HEADER = YES;
				CLANG_WARN_RANGE_LOOP_ANALYSIS = YES;
				CLANG_WARN_STRICT_PROTOTYPES = YES;
				CLANG_WARN_SUSPICIOUS_MOVE = YES;
				CLANG_WARN_UNGUARDED_AVAILABILITY = YES_AGGRESSIVE;
				CLANG_WARN_UNREACHABLE_CODE = YES;
				CLANG_WARN__DUPLICATE_METHOD_MATCH = YES;
				COPY_PHASE_STRIP = NO;
				DEBUG_INFORMATION_FORMAT = dwarf;
				ENABLE_STRICT_OBJC_MSGSEND = YES;
				ENABLE_TESTABILITY = YES;
				GCC_C_LANGUAGE_STANDARD = gnu11;
				GCC_DYNAMIC_NO_PIC = NO;
				GCC_NO_COMMON_BLOCKS = YES;
				GCC_OPTIMIZATION_LEVEL = 0;
				GCC_PREPROCESSOR_DEFINITIONS = (
					"DEBUG=1",
					"$(inherited)",
				);
				GCC_WARN_64_TO_32_BIT_CONVERSION = YES;
				GCC_WARN_ABOUT_RETURN_TYPE = YES_ERROR;
				GCC_WARN_UNDECLARED_SELECTOR = YES;
				GCC_WARN_UNINITIALIZED_AUTOS = YES_AGGRESSIVE;
				GCC_WARN_UNUSED_FUNCTION = YES;
				GCC_WARN_UNUSED_VARIABLE = YES;
				IPHONEOS_DEPLOYMENT_TARGET = 14.4;
				MTL_ENABLE_DEBUG_INFO = INCLUDE_SOURCE;
				MTL_FAST_MATH = YES;
				ONLY_ACTIVE_ARCH = YES;
				SDKROOT = iphoneos;
				SWIFT_ACTIVE_COMPILATION_CONDITIONS = DEBUG;
				SWIFT_OPTIMIZATION_LEVEL = "-Onone";
			};
			name = Debug;
		};
		F4BC02022623CAA300F7E4A8 /* Release */ = {
			isa = XCBuildConfiguration;
			buildSettings = {
				ALWAYS_SEARCH_USER_PATHS = NO;
				CLANG_ANALYZER_NONNULL = YES;
				CLANG_ANALYZER_NUMBER_OBJECT_CONVERSION = YES_AGGRESSIVE;
				CLANG_CXX_LANGUAGE_STANDARD = "gnu++14";
				CLANG_CXX_LIBRARY = "libc++";
				CLANG_ENABLE_MODULES = YES;
				CLANG_ENABLE_OBJC_ARC = YES;
				CLANG_ENABLE_OBJC_WEAK = YES;
				CLANG_WARN_BLOCK_CAPTURE_AUTORELEASING = YES;
				CLANG_WARN_BOOL_CONVERSION = YES;
				CLANG_WARN_COMMA = YES;
				CLANG_WARN_CONSTANT_CONVERSION = YES;
				CLANG_WARN_DEPRECATED_OBJC_IMPLEMENTATIONS = YES;
				CLANG_WARN_DIRECT_OBJC_ISA_USAGE = YES_ERROR;
				CLANG_WARN_DOCUMENTATION_COMMENTS = YES;
				CLANG_WARN_EMPTY_BODY = YES;
				CLANG_WARN_ENUM_CONVERSION = YES;
				CLANG_WARN_INFINITE_RECURSION = YES;
				CLANG_WARN_INT_CONVERSION = YES;
				CLANG_WARN_NON_LITERAL_NULL_CONVERSION = YES;
				CLANG_WARN_OBJC_IMPLICIT_RETAIN_SELF = YES;
				CLANG_WARN_OBJC_LITERAL_CONVERSION = YES;
				CLANG_WARN_OBJC_ROOT_CLASS = YES_ERROR;
				CLANG_WARN_QUOTED_INCLUDE_IN_FRAMEWORK_HEADER = YES;
				CLANG_WARN_RANGE_LOOP_ANALYSIS = YES;
				CLANG_WARN_STRICT_PROTOTYPES = YES;
				CLANG_WARN_SUSPICIOUS_MOVE = YES;
				CLANG_WARN_UNGUARDED_AVAILABILITY = YES_AGGRESSIVE;
				CLANG_WARN_UNREACHABLE_CODE = YES;
				CLANG_WARN__DUPLICATE_METHOD_MATCH = YES;
				COPY_PHASE_STRIP = NO;
				DEBUG_INFORMATION_FORMAT = "dwarf-with-dsym";
				ENABLE_NS_ASSERTIONS = NO;
				ENABLE_STRICT_OBJC_MSGSEND = YES;
				GCC_C_LANGUAGE_STANDARD = gnu11;
				GCC_NO_COMMON_BLOCKS = YES;
				GCC_WARN_64_TO_32_BIT_CONVERSION = YES;
				GCC_WARN_ABOUT_RETURN_TYPE = YES_ERROR;
				GCC_WARN_UNDECLARED_SELECTOR = YES;
				GCC_WARN_UNINITIALIZED_AUTOS = YES_AGGRESSIVE;
				GCC_WARN_UNUSED_FUNCTION = YES;
				GCC_WARN_UNUSED_VARIABLE = YES;
				IPHONEOS_DEPLOYMENT_TARGET = 14.4;
				MTL_ENABLE_DEBUG_INFO = NO;
				MTL_FAST_MATH = YES;
				SDKROOT = iphoneos;
				SWIFT_COMPILATION_MODE = wholemodule;
				SWIFT_OPTIMIZATION_LEVEL = "-O";
				VALIDATE_PRODUCT = YES;
			};
			name = Release;
		};
		F4BC02042623CAA300F7E4A8 /* Debug */ = {
			isa = XCBuildConfiguration;
			buildSettings = {
				ASSETCATALOG_COMPILER_APPICON_NAME = AppIcon;
				ASSETCATALOG_COMPILER_GLOBAL_ACCENT_COLOR_NAME = AccentColor;
				CODE_SIGN_STYLE = Automatic;
				INFOPLIST_FILE = MusicPlayer/Info.plist;
				LD_RUNPATH_SEARCH_PATHS = (
					"$(inherited)",
					"@executable_path/Frameworks",
				);
				PRODUCT_BUNDLE_IDENTIFIER = net.macnpc.MusicPlayer;
				PRODUCT_NAME = "$(TARGET_NAME)";
				SWIFT_VERSION = 5.0;
				TARGETED_DEVICE_FAMILY = "1,2";
			};
			name = Debug;
		};
		F4BC02052623CAA300F7E4A8 /* Release */ = {
			isa = XCBuildConfiguration;
			buildSettings = {
				ASSETCATALOG_COMPILER_APPICON_NAME = AppIcon;
				ASSETCATALOG_COMPILER_GLOBAL_ACCENT_COLOR_NAME = AccentColor;
				CODE_SIGN_STYLE = Automatic;
				INFOPLIST_FILE = MusicPlayer/Info.plist;
				LD_RUNPATH_SEARCH_PATHS = (
					"$(inherited)",
					"@executable_path/Frameworks",
				);
				PRODUCT_BUNDLE_IDENTIFIER = net.macnpc.MusicPlayer;
				PRODUCT_NAME = "$(TARGET_NAME)";
				SWIFT_VERSION = 5.0;
				TARGETED_DEVICE_FAMILY = "1,2";
			};
			name = Release;
		};
		F4BC02072623CAA300F7E4A8 /* Debug */ = {
			isa = XCBuildConfiguration;
			buildSettings = {
				ALWAYS_EMBED_SWIFT_STANDARD_LIBRARIES = YES;
				BUNDLE_LOADER = "$(TEST_HOST)";
				CODE_SIGN_STYLE = Automatic;
				INFOPLIST_FILE = MusicPlayerTests/Info.plist;
				IPHONEOS_DEPLOYMENT_TARGET = 14.4;
				LD_RUNPATH_SEARCH_PATHS = (
					"$(inherited)",
					"@executable_path/Frameworks",
					"@loader_path/Frameworks",
				);
				PRODUCT_BUNDLE_IDENTIFIER = net.macnpc.MusicPlayerTests;
				PRODUCT_NAME = "$(TARGET_NAME)";
				SWIFT_VERSION = 5.0;
				TARGETED_DEVICE_FAMILY = "1,2";
				TEST_HOST = "$(BUILT_PRODUCTS_DIR)/MusicPlayer.app/MusicPlayer";
			};
			name = Debug;
		};
		F4BC02082623CAA300F7E4A8 /* Release */ = {
			isa = XCBuildConfiguration;
			buildSettings = {
				ALWAYS_EMBED_SWIFT_STANDARD_LIBRARIES = YES;
				BUNDLE_LOADER = "$(TEST_HOST)";
				CODE_SIGN_STYLE = Automatic;
				INFOPLIST_FILE = MusicPlayerTests/Info.plist;
				IPHONEOS_DEPLOYMENT_TARGET = 14.4;
				LD_RUNPATH_SEARCH_PATHS = (
					"$(inherited)",
					"@executable_path/Frameworks",
					"@loader_path/Frameworks",
				);
				PRODUCT_BUNDLE_IDENTIFIER = net.macnpc.MusicPlayerTests;
				PRODUCT_NAME = "$(TARGET_NAME)";
				SWIFT_VERSION = 5.0;
				TARGETED_DEVICE_FAMILY = "1,2";
				TEST_HOST = "$(BUILT_PRODUCTS_DIR)/MusicPlayer.app/MusicPlayer";
			};
			name = Release;
		};
		F4BC020A2623CAA300F7E4A8 /* Debug */ = {
			isa = XCBuildConfiguration;
			buildSettings = {
				ALWAYS_EMBED_SWIFT_STANDARD_LIBRARIES = YES;
				CODE_SIGN_STYLE = Automatic;
				INFOPLIST_FILE = MusicPlayerUITests/Info.plist;
				LD_RUNPATH_SEARCH_PATHS = (
					"$(inherited)",
					"@executable_path/Frameworks",
					"@loader_path/Frameworks",
				);
				PRODUCT_BUNDLE_IDENTIFIER = net.macnpc.MusicPlayerUITests;
				PRODUCT_NAME = "$(TARGET_NAME)";
				SWIFT_VERSION = 5.0;
				TARGETED_DEVICE_FAMILY = "1,2";
				TEST_TARGET_NAME = MusicPlayer;
			};
			name = Debug;
		};
		F4BC020B2623CAA300F7E4A8 /* Release */ = {
			isa = XCBuildConfiguration;
			buildSettings = {
				ALWAYS_EMBED_SWIFT_STANDARD_LIBRARIES = YES;
				CODE_SIGN_STYLE = Automatic;
				INFOPLIST_FILE = MusicPlayerUITests/Info.plist;
				LD_RUNPATH_SEARCH_PATHS = (
					"$(inherited)",
					"@executable_path/Frameworks",
					"@loader_path/Frameworks",
				);
				PRODUCT_BUNDLE_IDENTIFIER = net.macnpc.MusicPlayerUITests;
				PRODUCT_NAME = "$(TARGET_NAME)";
				SWIFT_VERSION = 5.0;
				TARGETED_DEVICE_FAMILY = "1,2";
				TEST_TARGET_NAME = MusicPlayer;
			};
			name = Release;
		};
/* End XCBuildConfiguration section */

/* Begin XCConfigurationList section */
		F4BC01D42623CAA100F7E4A8 /* Build configuration list for PBXProject "MusicPlayer" */ = {
			isa = XCConfigurationList;
			buildConfigurations = (
				F4BC02012623CAA300F7E4A8 /* Debug */,
				F4BC02022623CAA300F7E4A8 /* Release */,
			);
			defaultConfigurationIsVisible = 0;
			defaultConfigurationName = Release;
		};
		F4BC02032623CAA300F7E4A8 /* Build configuration list for PBXNativeTarget "MusicPlayer" */ = {
			isa = XCConfigurationList;
			buildConfigurations = (
				F4BC02042623CAA300F7E4A8 /* Debug */,
				F4BC02052623CAA300F7E4A8 /* Release */,
			);
			defaultConfigurationIsVisible = 0;
			defaultConfigurationName = Release;
		};
		F4BC02062623CAA300F7E4A8 /* Build configuration list for PBXNativeTarget "MusicPlayerTests" */ = {
			isa = XCConfigurationList;
			buildConfigurations = (
				F4BC02072623CAA300F7E4A8 /* Debug */,
				F4BC02082623CAA300F7E4A8 /* Release */,
			);
			defaultConfigurationIsVisible = 0;
			defaultConfigurationName = Release;
		};
		F4BC02092623CAA300F7E4A8 /* Build configuration list for PBXNativeTarget "MusicPlayerUITests" */ = {
			isa = XCConfigurationList;
			buildConfigurations = (
				F4BC020A2623CAA300F7E4A8 /* Debug */,
				F4BC020B2623CAA300F7E4A8 /* Release */,
			);
			defaultConfigurationIsVisible = 0;
			defaultConfigurationName = Release;
		};
/* End XCConfigurationList section */
	};
	rootObject = F4BC01D12623CAA100F7E4A8 /* Project object */;
}
